// !$*UTF8*$!
{
	archiveVersion = 1;
	classes = {
	};
	objectVersion = 55;
	objects = {

/* Begin PBXBuildFile section */
		3BC10B3F470E41310DE3DECE /* Pods_AgendaTests.framework in Frameworks */ = {isa = PBXBuildFile; fileRef = CF5C97545E308C0B2E7C3617 /* Pods_AgendaTests.framework */; };
		4BDDE031EDC1A9CEBD155DF5 /* Pods_Agenda_AgendaUITests.framework in Frameworks */ = {isa = PBXBuildFile; fileRef = C3FA1963E261C8AE9D6368BA /* Pods_Agenda_AgendaUITests.framework */; };
		86AC3C7A7A02E3D333B70D52 /* Pods_Agenda.framework in Frameworks */ = {isa = PBXBuildFile; fileRef = 2CEF91E526283B0585D8B0E9 /* Pods_Agenda.framework */; };
		F0027EE5284BE01200D73820 /* BaseRouter.swift in Sources */ = {isa = PBXBuildFile; fileRef = F0027EE4284BE01200D73820 /* BaseRouter.swift */; };
		F0027EED284BE57C00D73820 /* OnboardingPresenter.swift in Sources */ = {isa = PBXBuildFile; fileRef = F0027EE7284BE57C00D73820 /* OnboardingPresenter.swift */; };
		F0027EEE284BE57C00D73820 /* OnboardingRouter.swift in Sources */ = {isa = PBXBuildFile; fileRef = F0027EE8284BE57C00D73820 /* OnboardingRouter.swift */; };
		F0027EEF284BE57C00D73820 /* OnboardingViewController.swift in Sources */ = {isa = PBXBuildFile; fileRef = F0027EE9284BE57C00D73820 /* OnboardingViewController.swift */; };
		F0027EF0284BE57C00D73820 /* OnboardingProtocols.swift in Sources */ = {isa = PBXBuildFile; fileRef = F0027EEA284BE57C00D73820 /* OnboardingProtocols.swift */; };
		F0027EF1284BE57C00D73820 /* OnboardingInteractor.swift in Sources */ = {isa = PBXBuildFile; fileRef = F0027EEB284BE57C00D73820 /* OnboardingInteractor.swift */; };
		F0027EF2284BE57C00D73820 /* OnboardingContainer.swift in Sources */ = {isa = PBXBuildFile; fileRef = F0027EEC284BE57C00D73820 /* OnboardingContainer.swift */; };
		F010C62C27F75D410068E591 /* GoalTableViewCell.swift in Sources */ = {isa = PBXBuildFile; fileRef = F010C62B27F75D410068E591 /* GoalTableViewCell.swift */; };
		F010E9B728717B0400AFD1D0 /* ChartsPresenter.swift in Sources */ = {isa = PBXBuildFile; fileRef = F010E9B128717B0400AFD1D0 /* ChartsPresenter.swift */; };
		F010E9B828717B0400AFD1D0 /* ChartsRouter.swift in Sources */ = {isa = PBXBuildFile; fileRef = F010E9B228717B0400AFD1D0 /* ChartsRouter.swift */; };
		F010E9B928717B0400AFD1D0 /* ChartsViewController.swift in Sources */ = {isa = PBXBuildFile; fileRef = F010E9B328717B0400AFD1D0 /* ChartsViewController.swift */; };
		F010E9BA28717B0400AFD1D0 /* ChartsProtocols.swift in Sources */ = {isa = PBXBuildFile; fileRef = F010E9B428717B0400AFD1D0 /* ChartsProtocols.swift */; };
		F010E9BB28717B0400AFD1D0 /* ChartsInteractor.swift in Sources */ = {isa = PBXBuildFile; fileRef = F010E9B528717B0400AFD1D0 /* ChartsInteractor.swift */; };
		F010E9BC28717B0400AFD1D0 /* ChartsContainer.swift in Sources */ = {isa = PBXBuildFile; fileRef = F010E9B628717B0400AFD1D0 /* ChartsContainer.swift */; };
		F014D940285B259200AB60A3 /* SummaryPresenterSpy.swift in Sources */ = {isa = PBXBuildFile; fileRef = F014D93F285B259200AB60A3 /* SummaryPresenterSpy.swift */; };
		F015354A286EF3F7001E1BBD /* OnboardingTableViewHeader.swift in Sources */ = {isa = PBXBuildFile; fileRef = F0153549286EF3F7001E1BBD /* OnboardingTableViewHeader.swift */; };
		F016F77C27F7A4D6008D184A /* GoalData.swift in Sources */ = {isa = PBXBuildFile; fileRef = F016F77B27F7A4D6008D184A /* GoalData.swift */; };
		F01C5810285C84A10094BCE3 /* OnboardingViewModel.swift in Sources */ = {isa = PBXBuildFile; fileRef = F01C580F285C84A10094BCE3 /* OnboardingViewModel.swift */; };
		F01C5812285C89D60094BCE3 /* AddGoalUITests.swift in Sources */ = {isa = PBXBuildFile; fileRef = F01C5811285C89D60094BCE3 /* AddGoalUITests.swift */; };
		F01FDD2D280309040011F1F3 /* OnboardingTableViewCell.swift in Sources */ = {isa = PBXBuildFile; fileRef = F01FDD2C280309040011F1F3 /* OnboardingTableViewCell.swift */; };
		F02572A127FDE750000A9A06 /* Summary.swift in Sources */ = {isa = PBXBuildFile; fileRef = F02572A027FDE750000A9A06 /* Summary.swift */; };
		F035F5D42875B3560041AF84 /* ChartsUITests.swift in Sources */ = {isa = PBXBuildFile; fileRef = F035F5D32875B3560041AF84 /* ChartsUITests.swift */; };
		F035F5D62875B4B60041AF84 /* ChartsInteractorTests.swift in Sources */ = {isa = PBXBuildFile; fileRef = F035F5D52875B4B60041AF84 /* ChartsInteractorTests.swift */; };
		F035F5D82875B4C00041AF84 /* ChartsContainerTests.swift in Sources */ = {isa = PBXBuildFile; fileRef = F035F5D72875B4C00041AF84 /* ChartsContainerTests.swift */; };
		F035F5DA2875BFC20041AF84 /* ChartsPresenterSpy.swift in Sources */ = {isa = PBXBuildFile; fileRef = F035F5D92875BFC20041AF84 /* ChartsPresenterSpy.swift */; };
		F037986C285527CB00749971 /* CoreDataManagerTests.swift in Sources */ = {isa = PBXBuildFile; fileRef = F037986B285527CB00749971 /* CoreDataManagerTests.swift */; };
		F037C52227F5ED1F001D2CBC /* UITextField.swift in Sources */ = {isa = PBXBuildFile; fileRef = F037C52127F5ED1F001D2CBC /* UITextField.swift */; };
		F03916F4284D1F5300E36ED9 /* MonthViewModel.swift in Sources */ = {isa = PBXBuildFile; fileRef = F03916F3284D1F5300E36ED9 /* MonthViewModel.swift */; };
		F03FE95C2849544700F265A2 /* AppCoordinator.swift in Sources */ = {isa = PBXBuildFile; fileRef = F03FE95B2849544700F265A2 /* AppCoordinator.swift */; };
		F03FE963284955E300F265A2 /* AddGoalPresenter.swift in Sources */ = {isa = PBXBuildFile; fileRef = F03FE95D284955E300F265A2 /* AddGoalPresenter.swift */; };
		F03FE964284955E300F265A2 /* AddGoalRouter.swift in Sources */ = {isa = PBXBuildFile; fileRef = F03FE95E284955E300F265A2 /* AddGoalRouter.swift */; };
		F03FE965284955E300F265A2 /* AddGoalViewController.swift in Sources */ = {isa = PBXBuildFile; fileRef = F03FE95F284955E300F265A2 /* AddGoalViewController.swift */; };
		F03FE966284955E300F265A2 /* AddGoalProtocols.swift in Sources */ = {isa = PBXBuildFile; fileRef = F03FE960284955E300F265A2 /* AddGoalProtocols.swift */; };
		F03FE967284955E300F265A2 /* AddGoalInteractor.swift in Sources */ = {isa = PBXBuildFile; fileRef = F03FE961284955E300F265A2 /* AddGoalInteractor.swift */; };
		F03FE968284955E300F265A2 /* AddGoalContainer.swift in Sources */ = {isa = PBXBuildFile; fileRef = F03FE962284955E300F265A2 /* AddGoalContainer.swift */; };
		F03FE96F284955ED00F265A2 /* GoalDetailsPresenter.swift in Sources */ = {isa = PBXBuildFile; fileRef = F03FE969284955ED00F265A2 /* GoalDetailsPresenter.swift */; };
		F03FE970284955ED00F265A2 /* GoalDetailsRouter.swift in Sources */ = {isa = PBXBuildFile; fileRef = F03FE96A284955ED00F265A2 /* GoalDetailsRouter.swift */; };
		F03FE971284955ED00F265A2 /* GoalDetailsViewController.swift in Sources */ = {isa = PBXBuildFile; fileRef = F03FE96B284955ED00F265A2 /* GoalDetailsViewController.swift */; };
		F03FE972284955ED00F265A2 /* GoalDetailsProtocols.swift in Sources */ = {isa = PBXBuildFile; fileRef = F03FE96C284955ED00F265A2 /* GoalDetailsProtocols.swift */; };
		F03FE973284955ED00F265A2 /* GoalDetailsInteractor.swift in Sources */ = {isa = PBXBuildFile; fileRef = F03FE96D284955ED00F265A2 /* GoalDetailsInteractor.swift */; };
		F03FE974284955ED00F265A2 /* GoalDetailsContainer.swift in Sources */ = {isa = PBXBuildFile; fileRef = F03FE96E284955ED00F265A2 /* GoalDetailsContainer.swift */; };
		F03FE9772849707000F265A2 /* GoalViewModel.swift in Sources */ = {isa = PBXBuildFile; fileRef = F03FE9762849707000F265A2 /* GoalViewModel.swift */; };
		F03FE97A2849787200F265A2 /* DateViewModel.swift in Sources */ = {isa = PBXBuildFile; fileRef = F03FE9792849787200F265A2 /* DateViewModel.swift */; };
		F053020827FA161D00C62FAC /* UIViewController.swift in Sources */ = {isa = PBXBuildFile; fileRef = F053020727FA161D00C62FAC /* UIViewController.swift */; };
		F053020C27FA264300C62FAC /* Date.swift in Sources */ = {isa = PBXBuildFile; fileRef = F053020B27FA264300C62FAC /* Date.swift */; };
		F065E7EB2847ECBF00FAEFE9 /* AgendaPresenter.swift in Sources */ = {isa = PBXBuildFile; fileRef = F065E7E52847ECBF00FAEFE9 /* AgendaPresenter.swift */; };
		F065E7EC2847ECBF00FAEFE9 /* AgendaRouter.swift in Sources */ = {isa = PBXBuildFile; fileRef = F065E7E62847ECBF00FAEFE9 /* AgendaRouter.swift */; };
		F065E7ED2847ECBF00FAEFE9 /* AgendaViewController.swift in Sources */ = {isa = PBXBuildFile; fileRef = F065E7E72847ECBF00FAEFE9 /* AgendaViewController.swift */; };
		F065E7EE2847ECBF00FAEFE9 /* AgendaProtocols.swift in Sources */ = {isa = PBXBuildFile; fileRef = F065E7E82847ECBF00FAEFE9 /* AgendaProtocols.swift */; };
		F065E7EF2847ECBF00FAEFE9 /* AgendaInteractor.swift in Sources */ = {isa = PBXBuildFile; fileRef = F065E7E92847ECBF00FAEFE9 /* AgendaInteractor.swift */; };
		F065E7F02847ECBF00FAEFE9 /* AgendaContainer.swift in Sources */ = {isa = PBXBuildFile; fileRef = F065E7EA2847ECBF00FAEFE9 /* AgendaContainer.swift */; };
		F06D7C972874A985001F0CB3 /* CustomLabelsXAxisValueFormatter.swift in Sources */ = {isa = PBXBuildFile; fileRef = F06D7C962874A985001F0CB3 /* CustomLabelsXAxisValueFormatter.swift */; };
		F06DA3C927FC3A3400A93898 /* SummaryTableViewCell.swift in Sources */ = {isa = PBXBuildFile; fileRef = F06DA3C827FC3A3400A93898 /* SummaryTableViewCell.swift */; };
		F0751396284A925000BD887D /* HistoryPresenter.swift in Sources */ = {isa = PBXBuildFile; fileRef = F0751390284A925000BD887D /* HistoryPresenter.swift */; };
		F0751397284A925000BD887D /* HistoryRouter.swift in Sources */ = {isa = PBXBuildFile; fileRef = F0751391284A925000BD887D /* HistoryRouter.swift */; };
		F0751398284A925000BD887D /* HistoryViewController.swift in Sources */ = {isa = PBXBuildFile; fileRef = F0751392284A925000BD887D /* HistoryViewController.swift */; };
		F0751399284A925000BD887D /* HistoryProtocols.swift in Sources */ = {isa = PBXBuildFile; fileRef = F0751393284A925000BD887D /* HistoryProtocols.swift */; };
		F075139A284A925000BD887D /* HistoryInteractor.swift in Sources */ = {isa = PBXBuildFile; fileRef = F0751394284A925000BD887D /* HistoryInteractor.swift */; };
		F075139B284A925000BD887D /* HistoryContainer.swift in Sources */ = {isa = PBXBuildFile; fileRef = F0751395284A925000BD887D /* HistoryContainer.swift */; };
		F07513A2284A9B8200BD887D /* SummaryPresenter.swift in Sources */ = {isa = PBXBuildFile; fileRef = F075139C284A9B8200BD887D /* SummaryPresenter.swift */; };
		F07513A3284A9B8200BD887D /* SummaryRouter.swift in Sources */ = {isa = PBXBuildFile; fileRef = F075139D284A9B8200BD887D /* SummaryRouter.swift */; };
		F07513A4284A9B8200BD887D /* SummaryViewController.swift in Sources */ = {isa = PBXBuildFile; fileRef = F075139E284A9B8200BD887D /* SummaryViewController.swift */; };
		F07513A5284A9B8200BD887D /* SummaryProtocols.swift in Sources */ = {isa = PBXBuildFile; fileRef = F075139F284A9B8200BD887D /* SummaryProtocols.swift */; };
		F07513A6284A9B8200BD887D /* SummaryInteractor.swift in Sources */ = {isa = PBXBuildFile; fileRef = F07513A0284A9B8200BD887D /* SummaryInteractor.swift */; };
		F07513A7284A9B8200BD887D /* SummaryContainer.swift in Sources */ = {isa = PBXBuildFile; fileRef = F07513A1284A9B8200BD887D /* SummaryContainer.swift */; };
		F07FC1C72858DFFF0028C446 /* Icons.swift in Sources */ = {isa = PBXBuildFile; fileRef = F07FC1C62858DFFF0028C446 /* Icons.swift */; };
		F07FC1C92858E9D20028C446 /* CoreDataManagerSpy.swift in Sources */ = {isa = PBXBuildFile; fileRef = F07FC1C82858E9D20028C446 /* CoreDataManagerSpy.swift */; };
		F090EAB328531DE400510ED5 /* UserDefaultsContainer.swift in Sources */ = {isa = PBXBuildFile; fileRef = F090EAB228531DE400510ED5 /* UserDefaultsContainer.swift */; };
		F090EAB528533F7B00510ED5 /* UserSettings.swift in Sources */ = {isa = PBXBuildFile; fileRef = F090EAB428533F7B00510ED5 /* UserSettings.swift */; };
		F0A831BE28560FC5006F47CF /* AgendaContainerTests.swift in Sources */ = {isa = PBXBuildFile; fileRef = F0A831BD28560FC5006F47CF /* AgendaContainerTests.swift */; };
		F0AD059D285A65DA000612BE /* GoalDetailsPresenterSpy.swift in Sources */ = {isa = PBXBuildFile; fileRef = F0AD059C285A65DA000612BE /* GoalDetailsPresenterSpy.swift */; };
		F0AD059F285A7058000612BE /* HistoryPresenterSpy.swift in Sources */ = {isa = PBXBuildFile; fileRef = F0AD059E285A7058000612BE /* HistoryPresenterSpy.swift */; };
		F0BB551B27EF4D5400FA7E99 /* AppDelegate.swift in Sources */ = {isa = PBXBuildFile; fileRef = F0BB551A27EF4D5400FA7E99 /* AppDelegate.swift */; };
		F0BB551D27EF4D5400FA7E99 /* SceneDelegate.swift in Sources */ = {isa = PBXBuildFile; fileRef = F0BB551C27EF4D5400FA7E99 /* SceneDelegate.swift */; };
		F0BB552427EF4D5700FA7E99 /* Assets.xcassets in Resources */ = {isa = PBXBuildFile; fileRef = F0BB552327EF4D5700FA7E99 /* Assets.xcassets */; };
		F0BB552727EF4D5700FA7E99 /* LaunchScreen.storyboard in Resources */ = {isa = PBXBuildFile; fileRef = F0BB552527EF4D5700FA7E99 /* LaunchScreen.storyboard */; };
		F0BB553827EF4F1E00FA7E99 /* CoreDataManager.swift in Sources */ = {isa = PBXBuildFile; fileRef = F0BB553727EF4F1E00FA7E99 /* CoreDataManager.swift */; };
		F0BB554327EF511800FA7E99 /* AgendaTableViewCell.swift in Sources */ = {isa = PBXBuildFile; fileRef = F0BB554227EF511800FA7E99 /* AgendaTableViewCell.swift */; };
		F0BB554C27EF589200FA7E99 /* Agenda.xcdatamodeld in Sources */ = {isa = PBXBuildFile; fileRef = F0BB554A27EF589100FA7E99 /* Agenda.xcdatamodeld */; };
		F0C40294285DFDEF000F76F0 /* GoalViewController.swift in Sources */ = {isa = PBXBuildFile; fileRef = F0C40293285DFDEF000F76F0 /* GoalViewController.swift */; };
		F0C44D00285E462800E745A5 /* GoalDetailsUITests.swift in Sources */ = {isa = PBXBuildFile; fileRef = F0C44CFF285E462800E745A5 /* GoalDetailsUITests.swift */; };
		F0C44D02285E464E00E745A5 /* HistoryUITests.swift in Sources */ = {isa = PBXBuildFile; fileRef = F0C44D01285E464E00E745A5 /* HistoryUITests.swift */; };
		F0C44D04285E465900E745A5 /* SummaryUITests.swift in Sources */ = {isa = PBXBuildFile; fileRef = F0C44D03285E465900E745A5 /* SummaryUITests.swift */; };
		F0C8DA2227F4605300ED47C5 /* Goal+CoreDataClass.swift in Sources */ = {isa = PBXBuildFile; fileRef = F0C8DA1E27F4605200ED47C5 /* Goal+CoreDataClass.swift */; };
		F0C8DA2327F4605300ED47C5 /* Goal+CoreDataProperties.swift in Sources */ = {isa = PBXBuildFile; fileRef = F0C8DA1F27F4605200ED47C5 /* Goal+CoreDataProperties.swift */; };
		F0C8DA2427F4605300ED47C5 /* Month+CoreDataClass.swift in Sources */ = {isa = PBXBuildFile; fileRef = F0C8DA2027F4605200ED47C5 /* Month+CoreDataClass.swift */; };
		F0C8DA2527F4605300ED47C5 /* Month+CoreDataProperties.swift in Sources */ = {isa = PBXBuildFile; fileRef = F0C8DA2127F4605200ED47C5 /* Month+CoreDataProperties.swift */; };
		F0D83A9027F065EA0029CFD1 /* HistoryTableViewCell.swift in Sources */ = {isa = PBXBuildFile; fileRef = F0D83A8F27F065EA0029CFD1 /* HistoryTableViewCell.swift */; };
		F0DB531B285861C30074FFBA /* AddGoalInteractorTests.swift in Sources */ = {isa = PBXBuildFile; fileRef = F0DB531A285861C20074FFBA /* AddGoalInteractorTests.swift */; };
		F0DB531D285861D50074FFBA /* AddGoalContainerTests.swift in Sources */ = {isa = PBXBuildFile; fileRef = F0DB531C285861D50074FFBA /* AddGoalContainerTests.swift */; };
		F0DB531F285861EF0074FFBA /* GoalDetailsInteractorTests.swift in Sources */ = {isa = PBXBuildFile; fileRef = F0DB531E285861EF0074FFBA /* GoalDetailsInteractorTests.swift */; };
		F0DB5321285861FA0074FFBA /* GoalDetailsContainerTests.swift in Sources */ = {isa = PBXBuildFile; fileRef = F0DB5320285861FA0074FFBA /* GoalDetailsContainerTests.swift */; };
		F0DB53232858620F0074FFBA /* HistoryInteractorTests.swift in Sources */ = {isa = PBXBuildFile; fileRef = F0DB53222858620F0074FFBA /* HistoryInteractorTests.swift */; };
		F0DB53252858621B0074FFBA /* HistoryContainerTests.swift in Sources */ = {isa = PBXBuildFile; fileRef = F0DB53242858621B0074FFBA /* HistoryContainerTests.swift */; };
		F0DB53272858622B0074FFBA /* SummaryInteractorTests.swift in Sources */ = {isa = PBXBuildFile; fileRef = F0DB53262858622B0074FFBA /* SummaryInteractorTests.swift */; };
		F0DB53292858624F0074FFBA /* SummaryContainerTests.swift in Sources */ = {isa = PBXBuildFile; fileRef = F0DB53282858624F0074FFBA /* SummaryContainerTests.swift */; };
		F0DB532B285862650074FFBA /* OnboardingInteractorTests.swift in Sources */ = {isa = PBXBuildFile; fileRef = F0DB532A285862650074FFBA /* OnboardingInteractorTests.swift */; };
		F0DB532D2858626F0074FFBA /* OnboardingContainerTests.swift in Sources */ = {isa = PBXBuildFile; fileRef = F0DB532C2858626F0074FFBA /* OnboardingContainerTests.swift */; };
		F0E36EF62858F8170000C9F3 /* UIAlertController.swift in Sources */ = {isa = PBXBuildFile; fileRef = F0E36EF52858F8160000C9F3 /* UIAlertController.swift */; };
		F0E8174F2855D61700DD4EE1 /* AgendaPresenterSpy.swift in Sources */ = {isa = PBXBuildFile; fileRef = F0E8174E2855D61700DD4EE1 /* AgendaPresenterSpy.swift */; };
		F0E817522855D66600DD4EE1 /* CoreDataManagerMock.swift in Sources */ = {isa = PBXBuildFile; fileRef = F0E817512855D66600DD4EE1 /* CoreDataManagerMock.swift */; };
		F0E817542855D86100DD4EE1 /* CoreDataManagerStub.swift in Sources */ = {isa = PBXBuildFile; fileRef = F0E817532855D86100DD4EE1 /* CoreDataManagerStub.swift */; };
		F0EA8B2E27FAD2B10048327A /* SeparatorView.swift in Sources */ = {isa = PBXBuildFile; fileRef = F0EA8B2D27FAD2B10048327A /* SeparatorView.swift */; };
		F0EC6494285640A400DC0042 /* AgendaRouterTests.swift in Sources */ = {isa = PBXBuildFile; fileRef = F0EC6493285640A400DC0042 /* AgendaRouterTests.swift */; };
		F0F45FE72801C2F000BA244D /* Labels.swift in Sources */ = {isa = PBXBuildFile; fileRef = F0F45FE62801C2F000BA244D /* Labels.swift */; };
		F0F45FEB2801C8DB00BA244D /* Localizable.strings in Resources */ = {isa = PBXBuildFile; fileRef = F0F45FED2801C8DB00BA244D /* Localizable.strings */; };
		F0F45FF02801C90C00BA244D /* String.swift in Sources */ = {isa = PBXBuildFile; fileRef = F0F45FEF2801C90C00BA244D /* String.swift */; };
		F0FFD18C28549D80001EE4A6 /* AgendaInteractorTests.swift in Sources */ = {isa = PBXBuildFile; fileRef = F0FFD18B28549D80001EE4A6 /* AgendaInteractorTests.swift */; };
		F0FFD19628549DC6001EE4A6 /* AgendaUITestsLaunchTests.swift in Sources */ = {isa = PBXBuildFile; fileRef = F0FFD19528549DC6001EE4A6 /* AgendaUITestsLaunchTests.swift */; };
		F0FFD1A428549FD5001EE4A6 /* AgendaUITests.swift in Sources */ = {isa = PBXBuildFile; fileRef = F0FFD1A328549FD5001EE4A6 /* AgendaUITests.swift */; };
/* End PBXBuildFile section */

/* Begin PBXContainerItemProxy section */
		F0055BED2854748F00430622 /* PBXContainerItemProxy */ = {
			isa = PBXContainerItemProxy;
			containerPortal = F0BB550F27EF4D5400FA7E99 /* Project object */;
			proxyType = 1;
			remoteGlobalIDString = F0BB551627EF4D5400FA7E99;
			remoteInfo = Agenda;
		};
		F0FFD19728549DC6001EE4A6 /* PBXContainerItemProxy */ = {
			isa = PBXContainerItemProxy;
			containerPortal = F0BB550F27EF4D5400FA7E99 /* Project object */;
			proxyType = 1;
			remoteGlobalIDString = F0BB551627EF4D5400FA7E99;
			remoteInfo = Agenda;
		};
/* End PBXContainerItemProxy section */

/* Begin PBXFileReference section */
		0CCB2B433705F668DB7D12D1 /* Pods-Agenda.release.xcconfig */ = {isa = PBXFileReference; includeInIndex = 1; lastKnownFileType = text.xcconfig; name = "Pods-Agenda.release.xcconfig"; path = "Target Support Files/Pods-Agenda/Pods-Agenda.release.xcconfig"; sourceTree = "<group>"; };
		1385F4FB128AF5C3C36B19B1 /* Pods-AgendaTests.debug.xcconfig */ = {isa = PBXFileReference; includeInIndex = 1; lastKnownFileType = text.xcconfig; name = "Pods-AgendaTests.debug.xcconfig"; path = "Target Support Files/Pods-AgendaTests/Pods-AgendaTests.debug.xcconfig"; sourceTree = "<group>"; };
		1EF9D0FA6CC2A9C597B9777B /* Pods-Agenda.debug.xcconfig */ = {isa = PBXFileReference; includeInIndex = 1; lastKnownFileType = text.xcconfig; name = "Pods-Agenda.debug.xcconfig"; path = "Target Support Files/Pods-Agenda/Pods-Agenda.debug.xcconfig"; sourceTree = "<group>"; };
		2CEF91E526283B0585D8B0E9 /* Pods_Agenda.framework */ = {isa = PBXFileReference; explicitFileType = wrapper.framework; includeInIndex = 0; path = Pods_Agenda.framework; sourceTree = BUILT_PRODUCTS_DIR; };
		5D505C0EF2184F89E4DB0A4C /* Pods-Agenda-AgendaUITests.debug.xcconfig */ = {isa = PBXFileReference; includeInIndex = 1; lastKnownFileType = text.xcconfig; name = "Pods-Agenda-AgendaUITests.debug.xcconfig"; path = "Target Support Files/Pods-Agenda-AgendaUITests/Pods-Agenda-AgendaUITests.debug.xcconfig"; sourceTree = "<group>"; };
		C3FA1963E261C8AE9D6368BA /* Pods_Agenda_AgendaUITests.framework */ = {isa = PBXFileReference; explicitFileType = wrapper.framework; includeInIndex = 0; path = Pods_Agenda_AgendaUITests.framework; sourceTree = BUILT_PRODUCTS_DIR; };
		C5747F7AC1A3A7E019362459 /* Pods-AgendaTests.release.xcconfig */ = {isa = PBXFileReference; includeInIndex = 1; lastKnownFileType = text.xcconfig; name = "Pods-AgendaTests.release.xcconfig"; path = "Target Support Files/Pods-AgendaTests/Pods-AgendaTests.release.xcconfig"; sourceTree = "<group>"; };
		CF5C97545E308C0B2E7C3617 /* Pods_AgendaTests.framework */ = {isa = PBXFileReference; explicitFileType = wrapper.framework; includeInIndex = 0; path = Pods_AgendaTests.framework; sourceTree = BUILT_PRODUCTS_DIR; };
		F0027EE4284BE01200D73820 /* BaseRouter.swift */ = {isa = PBXFileReference; lastKnownFileType = sourcecode.swift; path = BaseRouter.swift; sourceTree = "<group>"; };
		F0027EE7284BE57C00D73820 /* OnboardingPresenter.swift */ = {isa = PBXFileReference; lastKnownFileType = sourcecode.swift; path = OnboardingPresenter.swift; sourceTree = "<group>"; };
		F0027EE8284BE57C00D73820 /* OnboardingRouter.swift */ = {isa = PBXFileReference; lastKnownFileType = sourcecode.swift; path = OnboardingRouter.swift; sourceTree = "<group>"; };
		F0027EE9284BE57C00D73820 /* OnboardingViewController.swift */ = {isa = PBXFileReference; lastKnownFileType = sourcecode.swift; path = OnboardingViewController.swift; sourceTree = "<group>"; };
		F0027EEA284BE57C00D73820 /* OnboardingProtocols.swift */ = {isa = PBXFileReference; lastKnownFileType = sourcecode.swift; path = OnboardingProtocols.swift; sourceTree = "<group>"; };
		F0027EEB284BE57C00D73820 /* OnboardingInteractor.swift */ = {isa = PBXFileReference; lastKnownFileType = sourcecode.swift; path = OnboardingInteractor.swift; sourceTree = "<group>"; };
		F0027EEC284BE57C00D73820 /* OnboardingContainer.swift */ = {isa = PBXFileReference; lastKnownFileType = sourcecode.swift; path = OnboardingContainer.swift; sourceTree = "<group>"; };
		F0055BE92854748F00430622 /* AgendaTests.xctest */ = {isa = PBXFileReference; explicitFileType = wrapper.cfbundle; includeInIndex = 0; path = AgendaTests.xctest; sourceTree = BUILT_PRODUCTS_DIR; };
		F010C62B27F75D410068E591 /* GoalTableViewCell.swift */ = {isa = PBXFileReference; lastKnownFileType = sourcecode.swift; path = GoalTableViewCell.swift; sourceTree = "<group>"; };
		F010E9B128717B0400AFD1D0 /* ChartsPresenter.swift */ = {isa = PBXFileReference; lastKnownFileType = sourcecode.swift; path = ChartsPresenter.swift; sourceTree = "<group>"; };
		F010E9B228717B0400AFD1D0 /* ChartsRouter.swift */ = {isa = PBXFileReference; lastKnownFileType = sourcecode.swift; path = ChartsRouter.swift; sourceTree = "<group>"; };
		F010E9B328717B0400AFD1D0 /* ChartsViewController.swift */ = {isa = PBXFileReference; lastKnownFileType = sourcecode.swift; path = ChartsViewController.swift; sourceTree = "<group>"; };
		F010E9B428717B0400AFD1D0 /* ChartsProtocols.swift */ = {isa = PBXFileReference; lastKnownFileType = sourcecode.swift; path = ChartsProtocols.swift; sourceTree = "<group>"; };
		F010E9B528717B0400AFD1D0 /* ChartsInteractor.swift */ = {isa = PBXFileReference; lastKnownFileType = sourcecode.swift; path = ChartsInteractor.swift; sourceTree = "<group>"; };
		F010E9B628717B0400AFD1D0 /* ChartsContainer.swift */ = {isa = PBXFileReference; lastKnownFileType = sourcecode.swift; path = ChartsContainer.swift; sourceTree = "<group>"; };
		F014D93F285B259200AB60A3 /* SummaryPresenterSpy.swift */ = {isa = PBXFileReference; lastKnownFileType = sourcecode.swift; path = SummaryPresenterSpy.swift; sourceTree = "<group>"; };
		F0153549286EF3F7001E1BBD /* OnboardingTableViewHeader.swift */ = {isa = PBXFileReference; lastKnownFileType = sourcecode.swift; path = OnboardingTableViewHeader.swift; sourceTree = "<group>"; };
		F016F77B27F7A4D6008D184A /* GoalData.swift */ = {isa = PBXFileReference; lastKnownFileType = sourcecode.swift; path = GoalData.swift; sourceTree = "<group>"; };
		F01C580F285C84A10094BCE3 /* OnboardingViewModel.swift */ = {isa = PBXFileReference; lastKnownFileType = sourcecode.swift; path = OnboardingViewModel.swift; sourceTree = "<group>"; };
		F01C5811285C89D60094BCE3 /* AddGoalUITests.swift */ = {isa = PBXFileReference; lastKnownFileType = sourcecode.swift; path = AddGoalUITests.swift; sourceTree = "<group>"; };
		F01FDD2C280309040011F1F3 /* OnboardingTableViewCell.swift */ = {isa = PBXFileReference; lastKnownFileType = sourcecode.swift; path = OnboardingTableViewCell.swift; sourceTree = "<group>"; };
		F02572A027FDE750000A9A06 /* Summary.swift */ = {isa = PBXFileReference; lastKnownFileType = sourcecode.swift; path = Summary.swift; sourceTree = "<group>"; };
		F035F5D32875B3560041AF84 /* ChartsUITests.swift */ = {isa = PBXFileReference; lastKnownFileType = sourcecode.swift; path = ChartsUITests.swift; sourceTree = "<group>"; };
		F035F5D52875B4B60041AF84 /* ChartsInteractorTests.swift */ = {isa = PBXFileReference; lastKnownFileType = sourcecode.swift; path = ChartsInteractorTests.swift; sourceTree = "<group>"; };
		F035F5D72875B4C00041AF84 /* ChartsContainerTests.swift */ = {isa = PBXFileReference; lastKnownFileType = sourcecode.swift; path = ChartsContainerTests.swift; sourceTree = "<group>"; };
		F035F5D92875BFC20041AF84 /* ChartsPresenterSpy.swift */ = {isa = PBXFileReference; lastKnownFileType = sourcecode.swift; path = ChartsPresenterSpy.swift; sourceTree = "<group>"; };
		F037986B285527CB00749971 /* CoreDataManagerTests.swift */ = {isa = PBXFileReference; lastKnownFileType = sourcecode.swift; path = CoreDataManagerTests.swift; sourceTree = "<group>"; };
		F037C52127F5ED1F001D2CBC /* UITextField.swift */ = {isa = PBXFileReference; lastKnownFileType = sourcecode.swift; path = UITextField.swift; sourceTree = "<group>"; };
		F03916F3284D1F5300E36ED9 /* MonthViewModel.swift */ = {isa = PBXFileReference; lastKnownFileType = sourcecode.swift; path = MonthViewModel.swift; sourceTree = "<group>"; };
		F03FE95B2849544700F265A2 /* AppCoordinator.swift */ = {isa = PBXFileReference; lastKnownFileType = sourcecode.swift; path = AppCoordinator.swift; sourceTree = "<group>"; };
		F03FE95D284955E300F265A2 /* AddGoalPresenter.swift */ = {isa = PBXFileReference; lastKnownFileType = sourcecode.swift; path = AddGoalPresenter.swift; sourceTree = "<group>"; };
		F03FE95E284955E300F265A2 /* AddGoalRouter.swift */ = {isa = PBXFileReference; lastKnownFileType = sourcecode.swift; path = AddGoalRouter.swift; sourceTree = "<group>"; };
		F03FE95F284955E300F265A2 /* AddGoalViewController.swift */ = {isa = PBXFileReference; lastKnownFileType = sourcecode.swift; path = AddGoalViewController.swift; sourceTree = "<group>"; };
		F03FE960284955E300F265A2 /* AddGoalProtocols.swift */ = {isa = PBXFileReference; lastKnownFileType = sourcecode.swift; path = AddGoalProtocols.swift; sourceTree = "<group>"; };
		F03FE961284955E300F265A2 /* AddGoalInteractor.swift */ = {isa = PBXFileReference; lastKnownFileType = sourcecode.swift; path = AddGoalInteractor.swift; sourceTree = "<group>"; };
		F03FE962284955E300F265A2 /* AddGoalContainer.swift */ = {isa = PBXFileReference; lastKnownFileType = sourcecode.swift; path = AddGoalContainer.swift; sourceTree = "<group>"; };
		F03FE969284955ED00F265A2 /* GoalDetailsPresenter.swift */ = {isa = PBXFileReference; lastKnownFileType = sourcecode.swift; path = GoalDetailsPresenter.swift; sourceTree = "<group>"; };
		F03FE96A284955ED00F265A2 /* GoalDetailsRouter.swift */ = {isa = PBXFileReference; lastKnownFileType = sourcecode.swift; path = GoalDetailsRouter.swift; sourceTree = "<group>"; };
		F03FE96B284955ED00F265A2 /* GoalDetailsViewController.swift */ = {isa = PBXFileReference; lastKnownFileType = sourcecode.swift; path = GoalDetailsViewController.swift; sourceTree = "<group>"; };
		F03FE96C284955ED00F265A2 /* GoalDetailsProtocols.swift */ = {isa = PBXFileReference; lastKnownFileType = sourcecode.swift; path = GoalDetailsProtocols.swift; sourceTree = "<group>"; };
		F03FE96D284955ED00F265A2 /* GoalDetailsInteractor.swift */ = {isa = PBXFileReference; lastKnownFileType = sourcecode.swift; path = GoalDetailsInteractor.swift; sourceTree = "<group>"; };
		F03FE96E284955ED00F265A2 /* GoalDetailsContainer.swift */ = {isa = PBXFileReference; lastKnownFileType = sourcecode.swift; path = GoalDetailsContainer.swift; sourceTree = "<group>"; };
		F03FE9762849707000F265A2 /* GoalViewModel.swift */ = {isa = PBXFileReference; lastKnownFileType = sourcecode.swift; path = GoalViewModel.swift; sourceTree = "<group>"; };
		F03FE9792849787200F265A2 /* DateViewModel.swift */ = {isa = PBXFileReference; lastKnownFileType = sourcecode.swift; path = DateViewModel.swift; sourceTree = "<group>"; };
		F053020727FA161D00C62FAC /* UIViewController.swift */ = {isa = PBXFileReference; lastKnownFileType = sourcecode.swift; path = UIViewController.swift; sourceTree = "<group>"; };
		F053020B27FA264300C62FAC /* Date.swift */ = {isa = PBXFileReference; lastKnownFileType = sourcecode.swift; path = Date.swift; sourceTree = "<group>"; };
		F065E7E52847ECBF00FAEFE9 /* AgendaPresenter.swift */ = {isa = PBXFileReference; lastKnownFileType = sourcecode.swift; path = AgendaPresenter.swift; sourceTree = "<group>"; };
		F065E7E62847ECBF00FAEFE9 /* AgendaRouter.swift */ = {isa = PBXFileReference; lastKnownFileType = sourcecode.swift; path = AgendaRouter.swift; sourceTree = "<group>"; };
		F065E7E72847ECBF00FAEFE9 /* AgendaViewController.swift */ = {isa = PBXFileReference; lastKnownFileType = sourcecode.swift; path = AgendaViewController.swift; sourceTree = "<group>"; };
		F065E7E82847ECBF00FAEFE9 /* AgendaProtocols.swift */ = {isa = PBXFileReference; lastKnownFileType = sourcecode.swift; path = AgendaProtocols.swift; sourceTree = "<group>"; };
		F065E7E92847ECBF00FAEFE9 /* AgendaInteractor.swift */ = {isa = PBXFileReference; lastKnownFileType = sourcecode.swift; path = AgendaInteractor.swift; sourceTree = "<group>"; };
		F065E7EA2847ECBF00FAEFE9 /* AgendaContainer.swift */ = {isa = PBXFileReference; lastKnownFileType = sourcecode.swift; path = AgendaContainer.swift; sourceTree = "<group>"; };
		F06D7C962874A985001F0CB3 /* CustomLabelsXAxisValueFormatter.swift */ = {isa = PBXFileReference; lastKnownFileType = sourcecode.swift; path = CustomLabelsXAxisValueFormatter.swift; sourceTree = "<group>"; };
		F06DA3C827FC3A3400A93898 /* SummaryTableViewCell.swift */ = {isa = PBXFileReference; lastKnownFileType = sourcecode.swift; path = SummaryTableViewCell.swift; sourceTree = "<group>"; };
		F0751390284A925000BD887D /* HistoryPresenter.swift */ = {isa = PBXFileReference; lastKnownFileType = sourcecode.swift; path = HistoryPresenter.swift; sourceTree = "<group>"; };
		F0751391284A925000BD887D /* HistoryRouter.swift */ = {isa = PBXFileReference; lastKnownFileType = sourcecode.swift; path = HistoryRouter.swift; sourceTree = "<group>"; };
		F0751392284A925000BD887D /* HistoryViewController.swift */ = {isa = PBXFileReference; lastKnownFileType = sourcecode.swift; path = HistoryViewController.swift; sourceTree = "<group>"; };
		F0751393284A925000BD887D /* HistoryProtocols.swift */ = {isa = PBXFileReference; lastKnownFileType = sourcecode.swift; path = HistoryProtocols.swift; sourceTree = "<group>"; };
		F0751394284A925000BD887D /* HistoryInteractor.swift */ = {isa = PBXFileReference; lastKnownFileType = sourcecode.swift; path = HistoryInteractor.swift; sourceTree = "<group>"; };
		F0751395284A925000BD887D /* HistoryContainer.swift */ = {isa = PBXFileReference; lastKnownFileType = sourcecode.swift; path = HistoryContainer.swift; sourceTree = "<group>"; };
		F075139C284A9B8200BD887D /* SummaryPresenter.swift */ = {isa = PBXFileReference; lastKnownFileType = sourcecode.swift; path = SummaryPresenter.swift; sourceTree = "<group>"; };
		F075139D284A9B8200BD887D /* SummaryRouter.swift */ = {isa = PBXFileReference; lastKnownFileType = sourcecode.swift; path = SummaryRouter.swift; sourceTree = "<group>"; };
		F075139E284A9B8200BD887D /* SummaryViewController.swift */ = {isa = PBXFileReference; lastKnownFileType = sourcecode.swift; path = SummaryViewController.swift; sourceTree = "<group>"; };
		F075139F284A9B8200BD887D /* SummaryProtocols.swift */ = {isa = PBXFileReference; lastKnownFileType = sourcecode.swift; path = SummaryProtocols.swift; sourceTree = "<group>"; };
		F07513A0284A9B8200BD887D /* SummaryInteractor.swift */ = {isa = PBXFileReference; lastKnownFileType = sourcecode.swift; path = SummaryInteractor.swift; sourceTree = "<group>"; };
		F07513A1284A9B8200BD887D /* SummaryContainer.swift */ = {isa = PBXFileReference; lastKnownFileType = sourcecode.swift; path = SummaryContainer.swift; sourceTree = "<group>"; };
		F07FC1C62858DFFF0028C446 /* Icons.swift */ = {isa = PBXFileReference; lastKnownFileType = sourcecode.swift; path = Icons.swift; sourceTree = "<group>"; };
		F07FC1C82858E9D20028C446 /* CoreDataManagerSpy.swift */ = {isa = PBXFileReference; lastKnownFileType = sourcecode.swift; path = CoreDataManagerSpy.swift; sourceTree = "<group>"; };
		F090EAB228531DE400510ED5 /* UserDefaultsContainer.swift */ = {isa = PBXFileReference; lastKnownFileType = sourcecode.swift; path = UserDefaultsContainer.swift; sourceTree = "<group>"; };
		F090EAB428533F7B00510ED5 /* UserSettings.swift */ = {isa = PBXFileReference; lastKnownFileType = sourcecode.swift; path = UserSettings.swift; sourceTree = "<group>"; };
		F0A831BD28560FC5006F47CF /* AgendaContainerTests.swift */ = {isa = PBXFileReference; lastKnownFileType = sourcecode.swift; path = AgendaContainerTests.swift; sourceTree = "<group>"; };
		F0AD059C285A65DA000612BE /* GoalDetailsPresenterSpy.swift */ = {isa = PBXFileReference; lastKnownFileType = sourcecode.swift; path = GoalDetailsPresenterSpy.swift; sourceTree = "<group>"; };
		F0AD059E285A7058000612BE /* HistoryPresenterSpy.swift */ = {isa = PBXFileReference; lastKnownFileType = sourcecode.swift; path = HistoryPresenterSpy.swift; sourceTree = "<group>"; };
		F0BB551727EF4D5400FA7E99 /* Agenda.app */ = {isa = PBXFileReference; explicitFileType = wrapper.application; includeInIndex = 0; path = Agenda.app; sourceTree = BUILT_PRODUCTS_DIR; };
		F0BB551A27EF4D5400FA7E99 /* AppDelegate.swift */ = {isa = PBXFileReference; lastKnownFileType = sourcecode.swift; path = AppDelegate.swift; sourceTree = "<group>"; };
		F0BB551C27EF4D5400FA7E99 /* SceneDelegate.swift */ = {isa = PBXFileReference; lastKnownFileType = sourcecode.swift; path = SceneDelegate.swift; sourceTree = "<group>"; };
		F0BB552327EF4D5700FA7E99 /* Assets.xcassets */ = {isa = PBXFileReference; lastKnownFileType = folder.assetcatalog; path = Assets.xcassets; sourceTree = "<group>"; };
		F0BB552627EF4D5700FA7E99 /* Base */ = {isa = PBXFileReference; lastKnownFileType = file.storyboard; name = Base; path = Base.lproj/LaunchScreen.storyboard; sourceTree = "<group>"; };
		F0BB552827EF4D5700FA7E99 /* Info.plist */ = {isa = PBXFileReference; lastKnownFileType = text.plist.xml; path = Info.plist; sourceTree = "<group>"; };
		F0BB552E27EF4D8700FA7E99 /* README.md */ = {isa = PBXFileReference; lastKnownFileType = net.daringfireball.markdown; path = README.md; sourceTree = "<group>"; };
		F0BB553727EF4F1E00FA7E99 /* CoreDataManager.swift */ = {isa = PBXFileReference; lastKnownFileType = sourcecode.swift; path = CoreDataManager.swift; sourceTree = "<group>"; };
		F0BB554227EF511800FA7E99 /* AgendaTableViewCell.swift */ = {isa = PBXFileReference; lastKnownFileType = sourcecode.swift; path = AgendaTableViewCell.swift; sourceTree = "<group>"; };
		F0BB554B27EF589200FA7E99 /* Agenda.xcdatamodel */ = {isa = PBXFileReference; lastKnownFileType = wrapper.xcdatamodel; path = Agenda.xcdatamodel; sourceTree = "<group>"; };
		F0C40293285DFDEF000F76F0 /* GoalViewController.swift */ = {isa = PBXFileReference; lastKnownFileType = sourcecode.swift; path = GoalViewController.swift; sourceTree = "<group>"; };
		F0C44CFF285E462800E745A5 /* GoalDetailsUITests.swift */ = {isa = PBXFileReference; lastKnownFileType = sourcecode.swift; path = GoalDetailsUITests.swift; sourceTree = "<group>"; };
		F0C44D01285E464E00E745A5 /* HistoryUITests.swift */ = {isa = PBXFileReference; lastKnownFileType = sourcecode.swift; path = HistoryUITests.swift; sourceTree = "<group>"; };
		F0C44D03285E465900E745A5 /* SummaryUITests.swift */ = {isa = PBXFileReference; lastKnownFileType = sourcecode.swift; path = SummaryUITests.swift; sourceTree = "<group>"; };
		F0C8DA1E27F4605200ED47C5 /* Goal+CoreDataClass.swift */ = {isa = PBXFileReference; lastKnownFileType = sourcecode.swift; path = "Goal+CoreDataClass.swift"; sourceTree = "<group>"; };
		F0C8DA1F27F4605200ED47C5 /* Goal+CoreDataProperties.swift */ = {isa = PBXFileReference; lastKnownFileType = sourcecode.swift; path = "Goal+CoreDataProperties.swift"; sourceTree = "<group>"; };
		F0C8DA2027F4605200ED47C5 /* Month+CoreDataClass.swift */ = {isa = PBXFileReference; lastKnownFileType = sourcecode.swift; path = "Month+CoreDataClass.swift"; sourceTree = "<group>"; };
		F0C8DA2127F4605200ED47C5 /* Month+CoreDataProperties.swift */ = {isa = PBXFileReference; lastKnownFileType = sourcecode.swift; path = "Month+CoreDataProperties.swift"; sourceTree = "<group>"; };
		F0D83A8F27F065EA0029CFD1 /* HistoryTableViewCell.swift */ = {isa = PBXFileReference; lastKnownFileType = sourcecode.swift; path = HistoryTableViewCell.swift; sourceTree = "<group>"; };
		F0DB531A285861C20074FFBA /* AddGoalInteractorTests.swift */ = {isa = PBXFileReference; lastKnownFileType = sourcecode.swift; path = AddGoalInteractorTests.swift; sourceTree = "<group>"; };
		F0DB531C285861D50074FFBA /* AddGoalContainerTests.swift */ = {isa = PBXFileReference; lastKnownFileType = sourcecode.swift; path = AddGoalContainerTests.swift; sourceTree = "<group>"; };
		F0DB531E285861EF0074FFBA /* GoalDetailsInteractorTests.swift */ = {isa = PBXFileReference; lastKnownFileType = sourcecode.swift; path = GoalDetailsInteractorTests.swift; sourceTree = "<group>"; };
		F0DB5320285861FA0074FFBA /* GoalDetailsContainerTests.swift */ = {isa = PBXFileReference; lastKnownFileType = sourcecode.swift; path = GoalDetailsContainerTests.swift; sourceTree = "<group>"; };
		F0DB53222858620F0074FFBA /* HistoryInteractorTests.swift */ = {isa = PBXFileReference; lastKnownFileType = sourcecode.swift; path = HistoryInteractorTests.swift; sourceTree = "<group>"; };
		F0DB53242858621B0074FFBA /* HistoryContainerTests.swift */ = {isa = PBXFileReference; lastKnownFileType = sourcecode.swift; path = HistoryContainerTests.swift; sourceTree = "<group>"; };
		F0DB53262858622B0074FFBA /* SummaryInteractorTests.swift */ = {isa = PBXFileReference; lastKnownFileType = sourcecode.swift; path = SummaryInteractorTests.swift; sourceTree = "<group>"; };
		F0DB53282858624F0074FFBA /* SummaryContainerTests.swift */ = {isa = PBXFileReference; lastKnownFileType = sourcecode.swift; path = SummaryContainerTests.swift; sourceTree = "<group>"; };
		F0DB532A285862650074FFBA /* OnboardingInteractorTests.swift */ = {isa = PBXFileReference; lastKnownFileType = sourcecode.swift; path = OnboardingInteractorTests.swift; sourceTree = "<group>"; };
		F0DB532C2858626F0074FFBA /* OnboardingContainerTests.swift */ = {isa = PBXFileReference; lastKnownFileType = sourcecode.swift; path = OnboardingContainerTests.swift; sourceTree = "<group>"; };
		F0E36EF52858F8160000C9F3 /* UIAlertController.swift */ = {isa = PBXFileReference; fileEncoding = 4; lastKnownFileType = sourcecode.swift; path = UIAlertController.swift; sourceTree = "<group>"; };
		F0E8174E2855D61700DD4EE1 /* AgendaPresenterSpy.swift */ = {isa = PBXFileReference; lastKnownFileType = sourcecode.swift; path = AgendaPresenterSpy.swift; sourceTree = "<group>"; };
		F0E817512855D66600DD4EE1 /* CoreDataManagerMock.swift */ = {isa = PBXFileReference; lastKnownFileType = sourcecode.swift; path = CoreDataManagerMock.swift; sourceTree = "<group>"; };
		F0E817532855D86100DD4EE1 /* CoreDataManagerStub.swift */ = {isa = PBXFileReference; lastKnownFileType = sourcecode.swift; path = CoreDataManagerStub.swift; sourceTree = "<group>"; };
		F0EA8B2D27FAD2B10048327A /* SeparatorView.swift */ = {isa = PBXFileReference; lastKnownFileType = sourcecode.swift; path = SeparatorView.swift; sourceTree = "<group>"; };
		F0EC6493285640A400DC0042 /* AgendaRouterTests.swift */ = {isa = PBXFileReference; lastKnownFileType = sourcecode.swift; path = AgendaRouterTests.swift; sourceTree = "<group>"; };
		F0F45FE62801C2F000BA244D /* Labels.swift */ = {isa = PBXFileReference; lastKnownFileType = sourcecode.swift; path = Labels.swift; sourceTree = "<group>"; };
		F0F45FE82801C84C00BA244D /* ru */ = {isa = PBXFileReference; lastKnownFileType = text.plist.strings; name = ru; path = ru.lproj/LaunchScreen.strings; sourceTree = "<group>"; };
		F0F45FEC2801C8DB00BA244D /* en */ = {isa = PBXFileReference; lastKnownFileType = text.plist.strings; name = en; path = en.lproj/Localizable.strings; sourceTree = "<group>"; };
		F0F45FEE2801C8E000BA244D /* ru */ = {isa = PBXFileReference; lastKnownFileType = text.plist.strings; name = ru; path = ru.lproj/Localizable.strings; sourceTree = "<group>"; };
		F0F45FEF2801C90C00BA244D /* String.swift */ = {isa = PBXFileReference; lastKnownFileType = sourcecode.swift; path = String.swift; sourceTree = "<group>"; };
		F0FFD18B28549D80001EE4A6 /* AgendaInteractorTests.swift */ = {isa = PBXFileReference; lastKnownFileType = sourcecode.swift; path = AgendaInteractorTests.swift; sourceTree = "<group>"; };
		F0FFD19128549DC6001EE4A6 /* AgendaUITests.xctest */ = {isa = PBXFileReference; explicitFileType = wrapper.cfbundle; includeInIndex = 0; path = AgendaUITests.xctest; sourceTree = BUILT_PRODUCTS_DIR; };
		F0FFD19528549DC6001EE4A6 /* AgendaUITestsLaunchTests.swift */ = {isa = PBXFileReference; lastKnownFileType = sourcecode.swift; path = AgendaUITestsLaunchTests.swift; sourceTree = "<group>"; };
		F0FFD1A328549FD5001EE4A6 /* AgendaUITests.swift */ = {isa = PBXFileReference; lastKnownFileType = sourcecode.swift; path = AgendaUITests.swift; sourceTree = "<group>"; };
		F8127F875EB012809056F7E6 /* Pods-Agenda-AgendaUITests.release.xcconfig */ = {isa = PBXFileReference; includeInIndex = 1; lastKnownFileType = text.xcconfig; name = "Pods-Agenda-AgendaUITests.release.xcconfig"; path = "Target Support Files/Pods-Agenda-AgendaUITests/Pods-Agenda-AgendaUITests.release.xcconfig"; sourceTree = "<group>"; };
/* End PBXFileReference section */

/* Begin PBXFrameworksBuildPhase section */
		F0055BE62854748F00430622 /* Frameworks */ = {
			isa = PBXFrameworksBuildPhase;
			buildActionMask = 2147483647;
			files = (
				3BC10B3F470E41310DE3DECE /* Pods_AgendaTests.framework in Frameworks */,
			);
			runOnlyForDeploymentPostprocessing = 0;
		};
		F0BB551427EF4D5400FA7E99 /* Frameworks */ = {
			isa = PBXFrameworksBuildPhase;
			buildActionMask = 2147483647;
			files = (
				86AC3C7A7A02E3D333B70D52 /* Pods_Agenda.framework in Frameworks */,
			);
			runOnlyForDeploymentPostprocessing = 0;
		};
		F0FFD18E28549DC6001EE4A6 /* Frameworks */ = {
			isa = PBXFrameworksBuildPhase;
			buildActionMask = 2147483647;
			files = (
				4BDDE031EDC1A9CEBD155DF5 /* Pods_Agenda_AgendaUITests.framework in Frameworks */,
			);
			runOnlyForDeploymentPostprocessing = 0;
		};
/* End PBXFrameworksBuildPhase section */

/* Begin PBXGroup section */
		80F36448388C4BFCA09ABBF9 /* Frameworks */ = {
			isa = PBXGroup;
			children = (
				2CEF91E526283B0585D8B0E9 /* Pods_Agenda.framework */,
				C3FA1963E261C8AE9D6368BA /* Pods_Agenda_AgendaUITests.framework */,
				CF5C97545E308C0B2E7C3617 /* Pods_AgendaTests.framework */,
			);
			name = Frameworks;
			sourceTree = "<group>";
		};
		BDE40D4293513725CCA807D1 /* Pods */ = {
			isa = PBXGroup;
			children = (
				1EF9D0FA6CC2A9C597B9777B /* Pods-Agenda.debug.xcconfig */,
				0CCB2B433705F668DB7D12D1 /* Pods-Agenda.release.xcconfig */,
				5D505C0EF2184F89E4DB0A4C /* Pods-Agenda-AgendaUITests.debug.xcconfig */,
				F8127F875EB012809056F7E6 /* Pods-Agenda-AgendaUITests.release.xcconfig */,
				1385F4FB128AF5C3C36B19B1 /* Pods-AgendaTests.debug.xcconfig */,
				C5747F7AC1A3A7E019362459 /* Pods-AgendaTests.release.xcconfig */,
			);
			path = Pods;
			sourceTree = "<group>";
		};
		F0027EE6284BE56500D73820 /* Onboarding */ = {
			isa = PBXGroup;
			children = (
				F0027EE7284BE57C00D73820 /* OnboardingPresenter.swift */,
				F0027EE8284BE57C00D73820 /* OnboardingRouter.swift */,
				F0027EEA284BE57C00D73820 /* OnboardingProtocols.swift */,
				F0027EEB284BE57C00D73820 /* OnboardingInteractor.swift */,
				F0027EEC284BE57C00D73820 /* OnboardingContainer.swift */,
				F0027EF3284BE58800D73820 /* Views */,
				F01C580F285C84A10094BCE3 /* OnboardingViewModel.swift */,
			);
			path = Onboarding;
			sourceTree = "<group>";
		};
		F0027EF3284BE58800D73820 /* Views */ = {
			isa = PBXGroup;
			children = (
				F0027EE9284BE57C00D73820 /* OnboardingViewController.swift */,
				F01FDD2C280309040011F1F3 /* OnboardingTableViewCell.swift */,
				F0153549286EF3F7001E1BBD /* OnboardingTableViewHeader.swift */,
			);
			path = Views;
			sourceTree = "<group>";
		};
		F0055BEA2854748F00430622 /* AgendaTests */ = {
			isa = PBXGroup;
			children = (
				F0FFD18528549D1C001EE4A6 /* AgendaModuleTests */,
				F0FFD18628549D2A001EE4A6 /* AddGoalModuleTests */,
				F0FFD18728549D34001EE4A6 /* GoalDetailsModuleTests */,
				F0FFD18828549D3C001EE4A6 /* HistoryModuleTests */,
				F0FFD18928549D42001EE4A6 /* SummaryModuleTests */,
				F035F5D12875B32A0041AF84 /* ChartsModuleTests */,
				F0FFD18A28549D49001EE4A6 /* OnboardingModuleTests */,
				F037986A285527AE00749971 /* ServicesTests */,
				F0E817502855D64900DD4EE1 /* Mocks+Stubs+Spies */,
			);
			path = AgendaTests;
			sourceTree = "<group>";
		};
		F010E9B028717AF300AFD1D0 /* Charts */ = {
			isa = PBXGroup;
			children = (
				F010E9B128717B0400AFD1D0 /* ChartsPresenter.swift */,
				F010E9B228717B0400AFD1D0 /* ChartsRouter.swift */,
				F010E9B328717B0400AFD1D0 /* ChartsViewController.swift */,
				F010E9B428717B0400AFD1D0 /* ChartsProtocols.swift */,
				F010E9B528717B0400AFD1D0 /* ChartsInteractor.swift */,
				F010E9B628717B0400AFD1D0 /* ChartsContainer.swift */,
			);
			path = Charts;
			sourceTree = "<group>";
		};
		F035F5D12875B32A0041AF84 /* ChartsModuleTests */ = {
			isa = PBXGroup;
			children = (
				F035F5D22875B33F0041AF84 /* Mocks+Stubs+Spies */,
				F035F5D52875B4B60041AF84 /* ChartsInteractorTests.swift */,
				F035F5D72875B4C00041AF84 /* ChartsContainerTests.swift */,
			);
			path = ChartsModuleTests;
			sourceTree = "<group>";
		};
		F035F5D22875B33F0041AF84 /* Mocks+Stubs+Spies */ = {
			isa = PBXGroup;
			children = (
				F035F5D92875BFC20041AF84 /* ChartsPresenterSpy.swift */,
			);
			path = "Mocks+Stubs+Spies";
			sourceTree = "<group>";
		};
		F037986A285527AE00749971 /* ServicesTests */ = {
			isa = PBXGroup;
			children = (
				F037986B285527CB00749971 /* CoreDataManagerTests.swift */,
			);
			path = ServicesTests;
			sourceTree = "<group>";
		};
		F037C51F27F5ECF8001D2CBC /* Extensions */ = {
			isa = PBXGroup;
			children = (
				F037C52027F5ED00001D2CBC /* UIKit */,
				F053020B27FA264300C62FAC /* Date.swift */,
				F0F45FEF2801C90C00BA244D /* String.swift */,
			);
			path = Extensions;
			sourceTree = "<group>";
		};
		F037C52027F5ED00001D2CBC /* UIKit */ = {
			isa = PBXGroup;
			children = (
				F0E36EF52858F8160000C9F3 /* UIAlertController.swift */,
				F037C52127F5ED1F001D2CBC /* UITextField.swift */,
				F053020727FA161D00C62FAC /* UIViewController.swift */,
			);
			path = UIKit;
			sourceTree = "<group>";
		};
		F03FE956284953C900F265A2 /* AddGoal */ = {
			isa = PBXGroup;
			children = (
				F03FE95D284955E300F265A2 /* AddGoalPresenter.swift */,
				F03FE95E284955E300F265A2 /* AddGoalRouter.swift */,
				F03FE95F284955E300F265A2 /* AddGoalViewController.swift */,
				F03FE960284955E300F265A2 /* AddGoalProtocols.swift */,
				F03FE961284955E300F265A2 /* AddGoalInteractor.swift */,
				F03FE962284955E300F265A2 /* AddGoalContainer.swift */,
			);
			path = AddGoal;
			sourceTree = "<group>";
		};
		F03FE957284953D200F265A2 /* GoalDetails */ = {
			isa = PBXGroup;
			children = (
				F03FE969284955ED00F265A2 /* GoalDetailsPresenter.swift */,
				F03FE96A284955ED00F265A2 /* GoalDetailsRouter.swift */,
				F03FE96B284955ED00F265A2 /* GoalDetailsViewController.swift */,
				F03FE96C284955ED00F265A2 /* GoalDetailsProtocols.swift */,
				F03FE96D284955ED00F265A2 /* GoalDetailsInteractor.swift */,
				F03FE96E284955ED00F265A2 /* GoalDetailsContainer.swift */,
			);
			path = GoalDetails;
			sourceTree = "<group>";
		};
		F03FE958284953EF00F265A2 /* History */ = {
			isa = PBXGroup;
			children = (
				F0751390284A925000BD887D /* HistoryPresenter.swift */,
				F0751391284A925000BD887D /* HistoryRouter.swift */,
				F0751393284A925000BD887D /* HistoryProtocols.swift */,
				F0751394284A925000BD887D /* HistoryInteractor.swift */,
				F0751395284A925000BD887D /* HistoryContainer.swift */,
				F07513A8284A9D0400BD887D /* Views */,
				F03916F3284D1F5300E36ED9 /* MonthViewModel.swift */,
			);
			path = History;
			sourceTree = "<group>";
		};
		F03FE95A284953FA00F265A2 /* Summary */ = {
			isa = PBXGroup;
			children = (
				F075139C284A9B8200BD887D /* SummaryPresenter.swift */,
				F075139D284A9B8200BD887D /* SummaryRouter.swift */,
				F075139F284A9B8200BD887D /* SummaryProtocols.swift */,
				F07513A0284A9B8200BD887D /* SummaryInteractor.swift */,
				F07513A1284A9B8200BD887D /* SummaryContainer.swift */,
				F07513A9284A9D1800BD887D /* Views */,
				F02572A027FDE750000A9A06 /* Summary.swift */,
			);
			path = Summary;
			sourceTree = "<group>";
		};
		F03FE9752849684D00F265A2 /* Views */ = {
			isa = PBXGroup;
			children = (
				F065E7E72847ECBF00FAEFE9 /* AgendaViewController.swift */,
				F0BB554227EF511800FA7E99 /* AgendaTableViewCell.swift */,
			);
			path = Views;
			sourceTree = "<group>";
		};
		F03FE978284970B600F265A2 /* ViewModels */ = {
			isa = PBXGroup;
			children = (
				F03FE9762849707000F265A2 /* GoalViewModel.swift */,
				F03FE9792849787200F265A2 /* DateViewModel.swift */,
			);
			path = ViewModels;
			sourceTree = "<group>";
		};
		F065E7E22847ECA400FAEFE9 /* Agenda */ = {
			isa = PBXGroup;
			children = (
				F065E7E52847ECBF00FAEFE9 /* AgendaPresenter.swift */,
				F065E7E62847ECBF00FAEFE9 /* AgendaRouter.swift */,
				F065E7E82847ECBF00FAEFE9 /* AgendaProtocols.swift */,
				F065E7E92847ECBF00FAEFE9 /* AgendaInteractor.swift */,
				F065E7EA2847ECBF00FAEFE9 /* AgendaContainer.swift */,
				F03FE9752849684D00F265A2 /* Views */,
				F03FE978284970B600F265A2 /* ViewModels */,
			);
			path = Agenda;
			sourceTree = "<group>";
		};
		F065E7E32847ECAA00FAEFE9 /* Modules */ = {
			isa = PBXGroup;
			children = (
				F065E7E22847ECA400FAEFE9 /* Agenda */,
				F03FE956284953C900F265A2 /* AddGoal */,
				F03FE957284953D200F265A2 /* GoalDetails */,
				F03FE958284953EF00F265A2 /* History */,
				F03FE95A284953FA00F265A2 /* Summary */,
				F010E9B028717AF300AFD1D0 /* Charts */,
				F0027EE6284BE56500D73820 /* Onboarding */,
			);
			path = Modules;
			sourceTree = "<group>";
		};
		F07513A8284A9D0400BD887D /* Views */ = {
			isa = PBXGroup;
			children = (
				F0751392284A925000BD887D /* HistoryViewController.swift */,
				F0D83A8F27F065EA0029CFD1 /* HistoryTableViewCell.swift */,
			);
			path = Views;
			sourceTree = "<group>";
		};
		F07513A9284A9D1800BD887D /* Views */ = {
			isa = PBXGroup;
			children = (
				F075139E284A9B8200BD887D /* SummaryViewController.swift */,
				F06DA3C827FC3A3400A93898 /* SummaryTableViewCell.swift */,
			);
			path = Views;
			sourceTree = "<group>";
		};
		F0BB550E27EF4D5400FA7E99 = {
			isa = PBXGroup;
			children = (
				F0BB552E27EF4D8700FA7E99 /* README.md */,
				F0BB551927EF4D5400FA7E99 /* Agenda */,
				F0055BEA2854748F00430622 /* AgendaTests */,
				F0FFD19228549DC6001EE4A6 /* AgendaUITests */,
				F0BB551827EF4D5400FA7E99 /* Products */,
				BDE40D4293513725CCA807D1 /* Pods */,
				80F36448388C4BFCA09ABBF9 /* Frameworks */,
			);
			sourceTree = "<group>";
		};
		F0BB551827EF4D5400FA7E99 /* Products */ = {
			isa = PBXGroup;
			children = (
				F0BB551727EF4D5400FA7E99 /* Agenda.app */,
				F0055BE92854748F00430622 /* AgendaTests.xctest */,
				F0FFD19128549DC6001EE4A6 /* AgendaUITests.xctest */,
			);
			name = Products;
			sourceTree = "<group>";
		};
		F0BB551927EF4D5400FA7E99 /* Agenda */ = {
			isa = PBXGroup;
			children = (
				F0BB553027EF4DC500FA7E99 /* Application */,
				F065E7E32847ECAA00FAEFE9 /* Modules */,
				F0BB554027EF510500FA7E99 /* Views */,
				F0BB553627EF4F0D00FA7E99 /* Models */,
				F0BB553427EF4EFE00FA7E99 /* Services */,
				F037C51F27F5ECF8001D2CBC /* Extensions */,
				F0BB552F27EF4DBE00FA7E99 /* Resources */,
			);
			path = Agenda;
			sourceTree = "<group>";
		};
		F0BB552F27EF4DBE00FA7E99 /* Resources */ = {
			isa = PBXGroup;
			children = (
				F0BB552327EF4D5700FA7E99 /* Assets.xcassets */,
				F0BB554A27EF589100FA7E99 /* Agenda.xcdatamodeld */,
				F07FC1C62858DFFF0028C446 /* Icons.swift */,
				F0F45FE62801C2F000BA244D /* Labels.swift */,
				F0F45FED2801C8DB00BA244D /* Localizable.strings */,
				F0BB552827EF4D5700FA7E99 /* Info.plist */,
				F0BB552527EF4D5700FA7E99 /* LaunchScreen.storyboard */,
			);
			path = Resources;
			sourceTree = "<group>";
		};
		F0BB553027EF4DC500FA7E99 /* Application */ = {
			isa = PBXGroup;
			children = (
				F0BB551A27EF4D5400FA7E99 /* AppDelegate.swift */,
				F0BB551C27EF4D5400FA7E99 /* SceneDelegate.swift */,
				F03FE95B2849544700F265A2 /* AppCoordinator.swift */,
			);
			path = Application;
			sourceTree = "<group>";
		};
		F0BB553427EF4EFE00FA7E99 /* Services */ = {
			isa = PBXGroup;
			children = (
				F0027EE4284BE01200D73820 /* BaseRouter.swift */,
				F0BB553727EF4F1E00FA7E99 /* CoreDataManager.swift */,
				F090EAB228531DE400510ED5 /* UserDefaultsContainer.swift */,
				F06D7C962874A985001F0CB3 /* CustomLabelsXAxisValueFormatter.swift */,
			);
			path = Services;
			sourceTree = "<group>";
		};
		F0BB553627EF4F0D00FA7E99 /* Models */ = {
			isa = PBXGroup;
			children = (
				F0BB555527EF5AD800FA7E99 /* CoreData */,
				F016F77B27F7A4D6008D184A /* GoalData.swift */,
				F090EAB428533F7B00510ED5 /* UserSettings.swift */,
			);
			path = Models;
			sourceTree = "<group>";
		};
		F0BB554027EF510500FA7E99 /* Views */ = {
			isa = PBXGroup;
			children = (
				F0EA8B2D27FAD2B10048327A /* SeparatorView.swift */,
				F010C62B27F75D410068E591 /* GoalTableViewCell.swift */,
				F0C40293285DFDEF000F76F0 /* GoalViewController.swift */,
			);
			path = Views;
			sourceTree = "<group>";
		};
		F0BB555527EF5AD800FA7E99 /* CoreData */ = {
			isa = PBXGroup;
			children = (
				F0C8DA1E27F4605200ED47C5 /* Goal+CoreDataClass.swift */,
				F0C8DA1F27F4605200ED47C5 /* Goal+CoreDataProperties.swift */,
				F0C8DA2027F4605200ED47C5 /* Month+CoreDataClass.swift */,
				F0C8DA2127F4605200ED47C5 /* Month+CoreDataProperties.swift */,
			);
			path = CoreData;
			sourceTree = "<group>";
		};
		F0DB532F285866870074FFBA /* Mocks+Stubs+Spies */ = {
			isa = PBXGroup;
			children = (
				F0AD059C285A65DA000612BE /* GoalDetailsPresenterSpy.swift */,
			);
			path = "Mocks+Stubs+Spies";
			sourceTree = "<group>";
		};
		F0DB53302858668D0074FFBA /* Mocks+Stubs+Spies */ = {
			isa = PBXGroup;
			children = (
				F0AD059E285A7058000612BE /* HistoryPresenterSpy.swift */,
			);
			path = "Mocks+Stubs+Spies";
			sourceTree = "<group>";
		};
		F0DB53312858668F0074FFBA /* Mocks+Stubs+Spies */ = {
			isa = PBXGroup;
			children = (
				F014D93F285B259200AB60A3 /* SummaryPresenterSpy.swift */,
			);
			path = "Mocks+Stubs+Spies";
			sourceTree = "<group>";
		};
		F0E817482855CE5B00DD4EE1 /* Mocks+Stubs+Spies */ = {
			isa = PBXGroup;
			children = (
				F0E8174E2855D61700DD4EE1 /* AgendaPresenterSpy.swift */,
			);
			path = "Mocks+Stubs+Spies";
			sourceTree = "<group>";
		};
		F0E817502855D64900DD4EE1 /* Mocks+Stubs+Spies */ = {
			isa = PBXGroup;
			children = (
				F0E817512855D66600DD4EE1 /* CoreDataManagerMock.swift */,
				F0E817532855D86100DD4EE1 /* CoreDataManagerStub.swift */,
				F07FC1C82858E9D20028C446 /* CoreDataManagerSpy.swift */,
			);
			path = "Mocks+Stubs+Spies";
			sourceTree = "<group>";
		};
		F0FFD18528549D1C001EE4A6 /* AgendaModuleTests */ = {
			isa = PBXGroup;
			children = (
				F0E817482855CE5B00DD4EE1 /* Mocks+Stubs+Spies */,
				F0FFD18B28549D80001EE4A6 /* AgendaInteractorTests.swift */,
				F0A831BD28560FC5006F47CF /* AgendaContainerTests.swift */,
				F0EC6493285640A400DC0042 /* AgendaRouterTests.swift */,
			);
			path = AgendaModuleTests;
			sourceTree = "<group>";
		};
		F0FFD18628549D2A001EE4A6 /* AddGoalModuleTests */ = {
			isa = PBXGroup;
			children = (
				F0DB531A285861C20074FFBA /* AddGoalInteractorTests.swift */,
				F0DB531C285861D50074FFBA /* AddGoalContainerTests.swift */,
			);
			path = AddGoalModuleTests;
			sourceTree = "<group>";
		};
		F0FFD18728549D34001EE4A6 /* GoalDetailsModuleTests */ = {
			isa = PBXGroup;
			children = (
				F0DB532F285866870074FFBA /* Mocks+Stubs+Spies */,
				F0DB531E285861EF0074FFBA /* GoalDetailsInteractorTests.swift */,
				F0DB5320285861FA0074FFBA /* GoalDetailsContainerTests.swift */,
			);
			path = GoalDetailsModuleTests;
			sourceTree = "<group>";
		};
		F0FFD18828549D3C001EE4A6 /* HistoryModuleTests */ = {
			isa = PBXGroup;
			children = (
				F0DB53302858668D0074FFBA /* Mocks+Stubs+Spies */,
				F0DB53222858620F0074FFBA /* HistoryInteractorTests.swift */,
				F0DB53242858621B0074FFBA /* HistoryContainerTests.swift */,
			);
			path = HistoryModuleTests;
			sourceTree = "<group>";
		};
		F0FFD18928549D42001EE4A6 /* SummaryModuleTests */ = {
			isa = PBXGroup;
			children = (
				F0DB53312858668F0074FFBA /* Mocks+Stubs+Spies */,
				F0DB53262858622B0074FFBA /* SummaryInteractorTests.swift */,
				F0DB53282858624F0074FFBA /* SummaryContainerTests.swift */,
			);
			path = SummaryModuleTests;
			sourceTree = "<group>";
		};
		F0FFD18A28549D49001EE4A6 /* OnboardingModuleTests */ = {
			isa = PBXGroup;
			children = (
				F0DB532A285862650074FFBA /* OnboardingInteractorTests.swift */,
				F0DB532C2858626F0074FFBA /* OnboardingContainerTests.swift */,
			);
			path = OnboardingModuleTests;
			sourceTree = "<group>";
		};
		F0FFD19228549DC6001EE4A6 /* AgendaUITests */ = {
			isa = PBXGroup;
			children = (
				F0FFD1A328549FD5001EE4A6 /* AgendaUITests.swift */,
				F01C5811285C89D60094BCE3 /* AddGoalUITests.swift */,
				F0C44CFF285E462800E745A5 /* GoalDetailsUITests.swift */,
				F0C44D01285E464E00E745A5 /* HistoryUITests.swift */,
				F0C44D03285E465900E745A5 /* SummaryUITests.swift */,
				F035F5D32875B3560041AF84 /* ChartsUITests.swift */,
				F0FFD19528549DC6001EE4A6 /* AgendaUITestsLaunchTests.swift */,
			);
			path = AgendaUITests;
			sourceTree = "<group>";
		};
/* End PBXGroup section */

/* Begin PBXNativeTarget section */
		F0055BE82854748F00430622 /* AgendaTests */ = {
			isa = PBXNativeTarget;
			buildConfigurationList = F0055BEF2854748F00430622 /* Build configuration list for PBXNativeTarget "AgendaTests" */;
			buildPhases = (
				F47E09DC82AAD758C2738926 /* [CP] Check Pods Manifest.lock */,
				F0055BE52854748F00430622 /* Sources */,
				F0055BE62854748F00430622 /* Frameworks */,
				F0055BE72854748F00430622 /* Resources */,
			);
			buildRules = (
			);
			dependencies = (
				F0055BEE2854748F00430622 /* PBXTargetDependency */,
			);
			name = AgendaTests;
			productName = AgendaTests;
			productReference = F0055BE92854748F00430622 /* AgendaTests.xctest */;
			productType = "com.apple.product-type.bundle.unit-test";
		};
		F0BB551627EF4D5400FA7E99 /* Agenda */ = {
			isa = PBXNativeTarget;
			buildConfigurationList = F0BB552B27EF4D5700FA7E99 /* Build configuration list for PBXNativeTarget "Agenda" */;
			buildPhases = (
				2626558B352B6BA8AEFAA1FE /* [CP] Check Pods Manifest.lock */,
				F0BB551327EF4D5400FA7E99 /* Sources */,
				F0BB551427EF4D5400FA7E99 /* Frameworks */,
				F0BB551527EF4D5400FA7E99 /* Resources */,
				D003A3E4DDB2AE6C17951423 /* [CP] Embed Pods Frameworks */,
			);
			buildRules = (
			);
			dependencies = (
			);
			name = Agenda;
			productName = Agenda;
			productReference = F0BB551727EF4D5400FA7E99 /* Agenda.app */;
			productType = "com.apple.product-type.application";
		};
		F0FFD19028549DC6001EE4A6 /* AgendaUITests */ = {
			isa = PBXNativeTarget;
			buildConfigurationList = F0FFD19928549DC6001EE4A6 /* Build configuration list for PBXNativeTarget "AgendaUITests" */;
			buildPhases = (
				4D0368F4B2F538E3CF081677 /* [CP] Check Pods Manifest.lock */,
				F0FFD18D28549DC6001EE4A6 /* Sources */,
				F0FFD18E28549DC6001EE4A6 /* Frameworks */,
				F0FFD18F28549DC6001EE4A6 /* Resources */,
				C57653E89FCE4B61B186879D /* [CP] Embed Pods Frameworks */,
			);
			buildRules = (
			);
			dependencies = (
				F0FFD19828549DC6001EE4A6 /* PBXTargetDependency */,
			);
			name = AgendaUITests;
			productName = AgendaUITests;
			productReference = F0FFD19128549DC6001EE4A6 /* AgendaUITests.xctest */;
			productType = "com.apple.product-type.bundle.ui-testing";
		};
/* End PBXNativeTarget section */

/* Begin PBXProject section */
		F0BB550F27EF4D5400FA7E99 /* Project object */ = {
			isa = PBXProject;
			attributes = {
				BuildIndependentTargetsInParallel = 1;
				LastSwiftUpdateCheck = 1340;
				LastUpgradeCheck = 1320;
				TargetAttributes = {
					F0055BE82854748F00430622 = {
						CreatedOnToolsVersion = 13.4.1;
						TestTargetID = F0BB551627EF4D5400FA7E99;
					};
					F0BB551627EF4D5400FA7E99 = {
						CreatedOnToolsVersion = 13.2.1;
					};
					F0FFD19028549DC6001EE4A6 = {
						CreatedOnToolsVersion = 13.4.1;
						TestTargetID = F0BB551627EF4D5400FA7E99;
					};
				};
			};
			buildConfigurationList = F0BB551227EF4D5400FA7E99 /* Build configuration list for PBXProject "Agenda" */;
			compatibilityVersion = "Xcode 13.0";
			developmentRegion = en;
			hasScannedForEncodings = 0;
			knownRegions = (
				en,
				Base,
				ru,
			);
			mainGroup = F0BB550E27EF4D5400FA7E99;
			productRefGroup = F0BB551827EF4D5400FA7E99 /* Products */;
			projectDirPath = "";
			projectRoot = "";
			targets = (
				F0BB551627EF4D5400FA7E99 /* Agenda */,
				F0055BE82854748F00430622 /* AgendaTests */,
				F0FFD19028549DC6001EE4A6 /* AgendaUITests */,
			);
		};
/* End PBXProject section */

/* Begin PBXResourcesBuildPhase section */
		F0055BE72854748F00430622 /* Resources */ = {
			isa = PBXResourcesBuildPhase;
			buildActionMask = 2147483647;
			files = (
			);
			runOnlyForDeploymentPostprocessing = 0;
		};
		F0BB551527EF4D5400FA7E99 /* Resources */ = {
			isa = PBXResourcesBuildPhase;
			buildActionMask = 2147483647;
			files = (
				F0F45FEB2801C8DB00BA244D /* Localizable.strings in Resources */,
				F0BB552727EF4D5700FA7E99 /* LaunchScreen.storyboard in Resources */,
				F0BB552427EF4D5700FA7E99 /* Assets.xcassets in Resources */,
			);
			runOnlyForDeploymentPostprocessing = 0;
		};
		F0FFD18F28549DC6001EE4A6 /* Resources */ = {
			isa = PBXResourcesBuildPhase;
			buildActionMask = 2147483647;
			files = (
			);
			runOnlyForDeploymentPostprocessing = 0;
		};
/* End PBXResourcesBuildPhase section */

/* Begin PBXShellScriptBuildPhase section */
		2626558B352B6BA8AEFAA1FE /* [CP] Check Pods Manifest.lock */ = {
			isa = PBXShellScriptBuildPhase;
			buildActionMask = 2147483647;
			files = (
			);
			inputFileListPaths = (
			);
			inputPaths = (
				"${PODS_PODFILE_DIR_PATH}/Podfile.lock",
				"${PODS_ROOT}/Manifest.lock",
			);
			name = "[CP] Check Pods Manifest.lock";
			outputFileListPaths = (
			);
			outputPaths = (
				"$(DERIVED_FILE_DIR)/Pods-Agenda-checkManifestLockResult.txt",
			);
			runOnlyForDeploymentPostprocessing = 0;
			shellPath = /bin/sh;
			shellScript = "diff \"${PODS_PODFILE_DIR_PATH}/Podfile.lock\" \"${PODS_ROOT}/Manifest.lock\" > /dev/null\nif [ $? != 0 ] ; then\n    # print error to STDERR\n    echo \"error: The sandbox is not in sync with the Podfile.lock. Run 'pod install' or update your CocoaPods installation.\" >&2\n    exit 1\nfi\n# This output is used by Xcode 'outputs' to avoid re-running this script phase.\necho \"SUCCESS\" > \"${SCRIPT_OUTPUT_FILE_0}\"\n";
			showEnvVarsInLog = 0;
		};
		4D0368F4B2F538E3CF081677 /* [CP] Check Pods Manifest.lock */ = {
			isa = PBXShellScriptBuildPhase;
			buildActionMask = 2147483647;
			files = (
			);
			inputFileListPaths = (
			);
			inputPaths = (
				"${PODS_PODFILE_DIR_PATH}/Podfile.lock",
				"${PODS_ROOT}/Manifest.lock",
			);
			name = "[CP] Check Pods Manifest.lock";
			outputFileListPaths = (
			);
			outputPaths = (
				"$(DERIVED_FILE_DIR)/Pods-Agenda-AgendaUITests-checkManifestLockResult.txt",
			);
			runOnlyForDeploymentPostprocessing = 0;
			shellPath = /bin/sh;
			shellScript = "diff \"${PODS_PODFILE_DIR_PATH}/Podfile.lock\" \"${PODS_ROOT}/Manifest.lock\" > /dev/null\nif [ $? != 0 ] ; then\n    # print error to STDERR\n    echo \"error: The sandbox is not in sync with the Podfile.lock. Run 'pod install' or update your CocoaPods installation.\" >&2\n    exit 1\nfi\n# This output is used by Xcode 'outputs' to avoid re-running this script phase.\necho \"SUCCESS\" > \"${SCRIPT_OUTPUT_FILE_0}\"\n";
			showEnvVarsInLog = 0;
		};
		C57653E89FCE4B61B186879D /* [CP] Embed Pods Frameworks */ = {
			isa = PBXShellScriptBuildPhase;
			buildActionMask = 2147483647;
			files = (
			);
			inputFileListPaths = (
				"${PODS_ROOT}/Target Support Files/Pods-Agenda-AgendaUITests/Pods-Agenda-AgendaUITests-frameworks-${CONFIGURATION}-input-files.xcfilelist",
			);
			name = "[CP] Embed Pods Frameworks";
			outputFileListPaths = (
				"${PODS_ROOT}/Target Support Files/Pods-Agenda-AgendaUITests/Pods-Agenda-AgendaUITests-frameworks-${CONFIGURATION}-output-files.xcfilelist",
			);
			runOnlyForDeploymentPostprocessing = 0;
			shellPath = /bin/sh;
			shellScript = "\"${PODS_ROOT}/Target Support Files/Pods-Agenda-AgendaUITests/Pods-Agenda-AgendaUITests-frameworks.sh\"\n";
			showEnvVarsInLog = 0;
		};
		D003A3E4DDB2AE6C17951423 /* [CP] Embed Pods Frameworks */ = {
			isa = PBXShellScriptBuildPhase;
			buildActionMask = 2147483647;
			files = (
			);
			inputFileListPaths = (
				"${PODS_ROOT}/Target Support Files/Pods-Agenda/Pods-Agenda-frameworks-${CONFIGURATION}-input-files.xcfilelist",
			);
			name = "[CP] Embed Pods Frameworks";
			outputFileListPaths = (
				"${PODS_ROOT}/Target Support Files/Pods-Agenda/Pods-Agenda-frameworks-${CONFIGURATION}-output-files.xcfilelist",
			);
			runOnlyForDeploymentPostprocessing = 0;
			shellPath = /bin/sh;
			shellScript = "\"${PODS_ROOT}/Target Support Files/Pods-Agenda/Pods-Agenda-frameworks.sh\"\n";
			showEnvVarsInLog = 0;
		};
		F47E09DC82AAD758C2738926 /* [CP] Check Pods Manifest.lock */ = {
			isa = PBXShellScriptBuildPhase;
			buildActionMask = 2147483647;
			files = (
			);
			inputFileListPaths = (
			);
			inputPaths = (
				"${PODS_PODFILE_DIR_PATH}/Podfile.lock",
				"${PODS_ROOT}/Manifest.lock",
			);
			name = "[CP] Check Pods Manifest.lock";
			outputFileListPaths = (
			);
			outputPaths = (
				"$(DERIVED_FILE_DIR)/Pods-AgendaTests-checkManifestLockResult.txt",
			);
			runOnlyForDeploymentPostprocessing = 0;
			shellPath = /bin/sh;
			shellScript = "diff \"${PODS_PODFILE_DIR_PATH}/Podfile.lock\" \"${PODS_ROOT}/Manifest.lock\" > /dev/null\nif [ $? != 0 ] ; then\n    # print error to STDERR\n    echo \"error: The sandbox is not in sync with the Podfile.lock. Run 'pod install' or update your CocoaPods installation.\" >&2\n    exit 1\nfi\n# This output is used by Xcode 'outputs' to avoid re-running this script phase.\necho \"SUCCESS\" > \"${SCRIPT_OUTPUT_FILE_0}\"\n";
			showEnvVarsInLog = 0;
		};
/* End PBXShellScriptBuildPhase section */

/* Begin PBXSourcesBuildPhase section */
		F0055BE52854748F00430622 /* Sources */ = {
			isa = PBXSourcesBuildPhase;
			buildActionMask = 2147483647;
			files = (
				F0DB532D2858626F0074FFBA /* OnboardingContainerTests.swift in Sources */,
				F0AD059D285A65DA000612BE /* GoalDetailsPresenterSpy.swift in Sources */,
				F0DB53252858621B0074FFBA /* HistoryContainerTests.swift in Sources */,
				F0DB531F285861EF0074FFBA /* GoalDetailsInteractorTests.swift in Sources */,
				F0DB5321285861FA0074FFBA /* GoalDetailsContainerTests.swift in Sources */,
				F0DB531D285861D50074FFBA /* AddGoalContainerTests.swift in Sources */,
				F0DB53272858622B0074FFBA /* SummaryInteractorTests.swift in Sources */,
				F0E817542855D86100DD4EE1 /* CoreDataManagerStub.swift in Sources */,
				F0A831BE28560FC5006F47CF /* AgendaContainerTests.swift in Sources */,
				F014D940285B259200AB60A3 /* SummaryPresenterSpy.swift in Sources */,
				F07FC1C92858E9D20028C446 /* CoreDataManagerSpy.swift in Sources */,
				F0AD059F285A7058000612BE /* HistoryPresenterSpy.swift in Sources */,
				F0E817522855D66600DD4EE1 /* CoreDataManagerMock.swift in Sources */,
				F035F5D82875B4C00041AF84 /* ChartsContainerTests.swift in Sources */,
				F0DB531B285861C30074FFBA /* AddGoalInteractorTests.swift in Sources */,
				F037986C285527CB00749971 /* CoreDataManagerTests.swift in Sources */,
				F0DB53292858624F0074FFBA /* SummaryContainerTests.swift in Sources */,
				F0FFD18C28549D80001EE4A6 /* AgendaInteractorTests.swift in Sources */,
				F035F5D62875B4B60041AF84 /* ChartsInteractorTests.swift in Sources */,
				F0DB532B285862650074FFBA /* OnboardingInteractorTests.swift in Sources */,
				F035F5DA2875BFC20041AF84 /* ChartsPresenterSpy.swift in Sources */,
				F0EC6494285640A400DC0042 /* AgendaRouterTests.swift in Sources */,
				F0DB53232858620F0074FFBA /* HistoryInteractorTests.swift in Sources */,
				F0E8174F2855D61700DD4EE1 /* AgendaPresenterSpy.swift in Sources */,
			);
			runOnlyForDeploymentPostprocessing = 0;
		};
		F0BB551327EF4D5400FA7E99 /* Sources */ = {
			isa = PBXSourcesBuildPhase;
			buildActionMask = 2147483647;
			files = (
				F06D7C972874A985001F0CB3 /* CustomLabelsXAxisValueFormatter.swift in Sources */,
				F0C40294285DFDEF000F76F0 /* GoalViewController.swift in Sources */,
				F0027EF0284BE57C00D73820 /* OnboardingProtocols.swift in Sources */,
				F0EA8B2E27FAD2B10048327A /* SeparatorView.swift in Sources */,
				F03FE967284955E300F265A2 /* AddGoalInteractor.swift in Sources */,
				F07513A7284A9B8200BD887D /* SummaryContainer.swift in Sources */,
				F07513A2284A9B8200BD887D /* SummaryPresenter.swift in Sources */,
				F03916F4284D1F5300E36ED9 /* MonthViewModel.swift in Sources */,
				F03FE971284955ED00F265A2 /* GoalDetailsViewController.swift in Sources */,
				F0BB551B27EF4D5400FA7E99 /* AppDelegate.swift in Sources */,
				F065E7EF2847ECBF00FAEFE9 /* AgendaInteractor.swift in Sources */,
				F03FE97A2849787200F265A2 /* DateViewModel.swift in Sources */,
				F0BB554C27EF589200FA7E99 /* Agenda.xcdatamodeld in Sources */,
				F0027EF1284BE57C00D73820 /* OnboardingInteractor.swift in Sources */,
				F07513A6284A9B8200BD887D /* SummaryInteractor.swift in Sources */,
				F03FE972284955ED00F265A2 /* GoalDetailsProtocols.swift in Sources */,
				F0027EE5284BE01200D73820 /* BaseRouter.swift in Sources */,
				F01FDD2D280309040011F1F3 /* OnboardingTableViewCell.swift in Sources */,
				F0751399284A925000BD887D /* HistoryProtocols.swift in Sources */,
				F075139A284A925000BD887D /* HistoryInteractor.swift in Sources */,
				F03FE9772849707000F265A2 /* GoalViewModel.swift in Sources */,
				F0C8DA2227F4605300ED47C5 /* Goal+CoreDataClass.swift in Sources */,
				F065E7EB2847ECBF00FAEFE9 /* AgendaPresenter.swift in Sources */,
				F07FC1C72858DFFF0028C446 /* Icons.swift in Sources */,
				F065E7ED2847ECBF00FAEFE9 /* AgendaViewController.swift in Sources */,
				F02572A127FDE750000A9A06 /* Summary.swift in Sources */,
				F065E7EC2847ECBF00FAEFE9 /* AgendaRouter.swift in Sources */,
				F090EAB328531DE400510ED5 /* UserDefaultsContainer.swift in Sources */,
				F0027EF2284BE57C00D73820 /* OnboardingContainer.swift in Sources */,
				F07513A5284A9B8200BD887D /* SummaryProtocols.swift in Sources */,
				F03FE95C2849544700F265A2 /* AppCoordinator.swift in Sources */,
				F065E7F02847ECBF00FAEFE9 /* AgendaContainer.swift in Sources */,
				F010E9BB28717B0400AFD1D0 /* ChartsInteractor.swift in Sources */,
				F0BB551D27EF4D5400FA7E99 /* SceneDelegate.swift in Sources */,
				F03FE973284955ED00F265A2 /* GoalDetailsInteractor.swift in Sources */,
				F0027EEE284BE57C00D73820 /* OnboardingRouter.swift in Sources */,
				F090EAB528533F7B00510ED5 /* UserSettings.swift in Sources */,
				F010E9BA28717B0400AFD1D0 /* ChartsProtocols.swift in Sources */,
				F0027EEF284BE57C00D73820 /* OnboardingViewController.swift in Sources */,
				F03FE970284955ED00F265A2 /* GoalDetailsRouter.swift in Sources */,
				F053020C27FA264300C62FAC /* Date.swift in Sources */,
				F03FE974284955ED00F265A2 /* GoalDetailsContainer.swift in Sources */,
				F053020827FA161D00C62FAC /* UIViewController.swift in Sources */,
				F016F77C27F7A4D6008D184A /* GoalData.swift in Sources */,
				F065E7EE2847ECBF00FAEFE9 /* AgendaProtocols.swift in Sources */,
				F03FE96F284955ED00F265A2 /* GoalDetailsPresenter.swift in Sources */,
				F0F45FF02801C90C00BA244D /* String.swift in Sources */,
				F01C5810285C84A10094BCE3 /* OnboardingViewModel.swift in Sources */,
				F0E36EF62858F8170000C9F3 /* UIAlertController.swift in Sources */,
				F0027EED284BE57C00D73820 /* OnboardingPresenter.swift in Sources */,
				F03FE965284955E300F265A2 /* AddGoalViewController.swift in Sources */,
				F03FE963284955E300F265A2 /* AddGoalPresenter.swift in Sources */,
				F010E9B828717B0400AFD1D0 /* ChartsRouter.swift in Sources */,
				F015354A286EF3F7001E1BBD /* OnboardingTableViewHeader.swift in Sources */,
				F0C8DA2527F4605300ED47C5 /* Month+CoreDataProperties.swift in Sources */,
				F03FE968284955E300F265A2 /* AddGoalContainer.swift in Sources */,
				F075139B284A925000BD887D /* HistoryContainer.swift in Sources */,
				F0751396284A925000BD887D /* HistoryPresenter.swift in Sources */,
				F03FE966284955E300F265A2 /* AddGoalProtocols.swift in Sources */,
				F0C8DA2427F4605300ED47C5 /* Month+CoreDataClass.swift in Sources */,
				F010E9B928717B0400AFD1D0 /* ChartsViewController.swift in Sources */,
				F0BB553827EF4F1E00FA7E99 /* CoreDataManager.swift in Sources */,
				F010C62C27F75D410068E591 /* GoalTableViewCell.swift in Sources */,
				F06DA3C927FC3A3400A93898 /* SummaryTableViewCell.swift in Sources */,
				F0D83A9027F065EA0029CFD1 /* HistoryTableViewCell.swift in Sources */,
				F07513A3284A9B8200BD887D /* SummaryRouter.swift in Sources */,
				F0751398284A925000BD887D /* HistoryViewController.swift in Sources */,
				F037C52227F5ED1F001D2CBC /* UITextField.swift in Sources */,
				F010E9B728717B0400AFD1D0 /* ChartsPresenter.swift in Sources */,
				F0C8DA2327F4605300ED47C5 /* Goal+CoreDataProperties.swift in Sources */,
				F07513A4284A9B8200BD887D /* SummaryViewController.swift in Sources */,
				F03FE964284955E300F265A2 /* AddGoalRouter.swift in Sources */,
				F0BB554327EF511800FA7E99 /* AgendaTableViewCell.swift in Sources */,
				F0F45FE72801C2F000BA244D /* Labels.swift in Sources */,
				F0751397284A925000BD887D /* HistoryRouter.swift in Sources */,
				F010E9BC28717B0400AFD1D0 /* ChartsContainer.swift in Sources */,
			);
			runOnlyForDeploymentPostprocessing = 0;
		};
		F0FFD18D28549DC6001EE4A6 /* Sources */ = {
			isa = PBXSourcesBuildPhase;
			buildActionMask = 2147483647;
			files = (
				F0FFD19628549DC6001EE4A6 /* AgendaUITestsLaunchTests.swift in Sources */,
				F035F5D42875B3560041AF84 /* ChartsUITests.swift in Sources */,
				F0C44D00285E462800E745A5 /* GoalDetailsUITests.swift in Sources */,
				F0C44D02285E464E00E745A5 /* HistoryUITests.swift in Sources */,
				F0FFD1A428549FD5001EE4A6 /* AgendaUITests.swift in Sources */,
				F0C44D04285E465900E745A5 /* SummaryUITests.swift in Sources */,
				F01C5812285C89D60094BCE3 /* AddGoalUITests.swift in Sources */,
			);
			runOnlyForDeploymentPostprocessing = 0;
		};
/* End PBXSourcesBuildPhase section */

/* Begin PBXTargetDependency section */
		F0055BEE2854748F00430622 /* PBXTargetDependency */ = {
			isa = PBXTargetDependency;
			target = F0BB551627EF4D5400FA7E99 /* Agenda */;
			targetProxy = F0055BED2854748F00430622 /* PBXContainerItemProxy */;
		};
		F0FFD19828549DC6001EE4A6 /* PBXTargetDependency */ = {
			isa = PBXTargetDependency;
			target = F0BB551627EF4D5400FA7E99 /* Agenda */;
			targetProxy = F0FFD19728549DC6001EE4A6 /* PBXContainerItemProxy */;
		};
/* End PBXTargetDependency section */

/* Begin PBXVariantGroup section */
		F0BB552527EF4D5700FA7E99 /* LaunchScreen.storyboard */ = {
			isa = PBXVariantGroup;
			children = (
				F0BB552627EF4D5700FA7E99 /* Base */,
				F0F45FE82801C84C00BA244D /* ru */,
			);
			name = LaunchScreen.storyboard;
			sourceTree = "<group>";
		};
		F0F45FED2801C8DB00BA244D /* Localizable.strings */ = {
			isa = PBXVariantGroup;
			children = (
				F0F45FEC2801C8DB00BA244D /* en */,
				F0F45FEE2801C8E000BA244D /* ru */,
			);
			name = Localizable.strings;
			sourceTree = "<group>";
		};
/* End PBXVariantGroup section */

/* Begin XCBuildConfiguration section */
		F0055BF02854748F00430622 /* Debug */ = {
			isa = XCBuildConfiguration;
			baseConfigurationReference = 1385F4FB128AF5C3C36B19B1 /* Pods-AgendaTests.debug.xcconfig */;
			buildSettings = {
				BUNDLE_LOADER = "$(TEST_HOST)";
				CODE_SIGN_STYLE = Automatic;
				CURRENT_PROJECT_VERSION = 1;
				DEVELOPMENT_TEAM = H8V3Y2JKY7;
				GENERATE_INFOPLIST_FILE = YES;
				IPHONEOS_DEPLOYMENT_TARGET = 15.5;
				MARKETING_VERSION = 1.0;
				PRODUCT_BUNDLE_IDENTIFIER = com.egbad.AgendaTests;
				PRODUCT_NAME = "$(TARGET_NAME)";
				SWIFT_EMIT_LOC_STRINGS = NO;
				SWIFT_VERSION = 5.0;
				TARGETED_DEVICE_FAMILY = "1,2";
				TEST_HOST = "$(BUILT_PRODUCTS_DIR)/Agenda.app/Agenda";
			};
			name = Debug;
		};
		F0055BF12854748F00430622 /* Release */ = {
			isa = XCBuildConfiguration;
			baseConfigurationReference = C5747F7AC1A3A7E019362459 /* Pods-AgendaTests.release.xcconfig */;
			buildSettings = {
				BUNDLE_LOADER = "$(TEST_HOST)";
				CODE_SIGN_STYLE = Automatic;
				CURRENT_PROJECT_VERSION = 1;
				DEVELOPMENT_TEAM = H8V3Y2JKY7;
				GENERATE_INFOPLIST_FILE = YES;
				IPHONEOS_DEPLOYMENT_TARGET = 15.5;
				MARKETING_VERSION = 1.0;
				PRODUCT_BUNDLE_IDENTIFIER = com.egbad.AgendaTests;
				PRODUCT_NAME = "$(TARGET_NAME)";
				SWIFT_EMIT_LOC_STRINGS = NO;
				SWIFT_VERSION = 5.0;
				TARGETED_DEVICE_FAMILY = "1,2";
				TEST_HOST = "$(BUILT_PRODUCTS_DIR)/Agenda.app/Agenda";
			};
			name = Release;
		};
		F0BB552927EF4D5700FA7E99 /* Debug */ = {
			isa = XCBuildConfiguration;
			buildSettings = {
				ALWAYS_SEARCH_USER_PATHS = NO;
				CLANG_ANALYZER_LOCALIZABILITY_NONLOCALIZED = YES;
				CLANG_ANALYZER_NONNULL = YES;
				CLANG_ANALYZER_NUMBER_OBJECT_CONVERSION = YES_AGGRESSIVE;
				CLANG_CXX_LANGUAGE_STANDARD = "gnu++17";
				CLANG_CXX_LIBRARY = "libc++";
				CLANG_ENABLE_MODULES = YES;
				CLANG_ENABLE_OBJC_ARC = YES;
				CLANG_ENABLE_OBJC_WEAK = YES;
				CLANG_WARN_BLOCK_CAPTURE_AUTORELEASING = YES;
				CLANG_WARN_BOOL_CONVERSION = YES;
				CLANG_WARN_COMMA = YES;
				CLANG_WARN_CONSTANT_CONVERSION = YES;
				CLANG_WARN_DEPRECATED_OBJC_IMPLEMENTATIONS = YES;
				CLANG_WARN_DIRECT_OBJC_ISA_USAGE = YES_ERROR;
				CLANG_WARN_DOCUMENTATION_COMMENTS = YES;
				CLANG_WARN_EMPTY_BODY = YES;
				CLANG_WARN_ENUM_CONVERSION = YES;
				CLANG_WARN_INFINITE_RECURSION = YES;
				CLANG_WARN_INT_CONVERSION = YES;
				CLANG_WARN_NON_LITERAL_NULL_CONVERSION = YES;
				CLANG_WARN_OBJC_IMPLICIT_RETAIN_SELF = YES;
				CLANG_WARN_OBJC_LITERAL_CONVERSION = YES;
				CLANG_WARN_OBJC_ROOT_CLASS = YES_ERROR;
				CLANG_WARN_QUOTED_INCLUDE_IN_FRAMEWORK_HEADER = YES;
				CLANG_WARN_RANGE_LOOP_ANALYSIS = YES;
				CLANG_WARN_STRICT_PROTOTYPES = YES;
				CLANG_WARN_SUSPICIOUS_MOVE = YES;
				CLANG_WARN_UNGUARDED_AVAILABILITY = YES_AGGRESSIVE;
				CLANG_WARN_UNREACHABLE_CODE = YES;
				CLANG_WARN__DUPLICATE_METHOD_MATCH = YES;
				COPY_PHASE_STRIP = NO;
				DEBUG_INFORMATION_FORMAT = dwarf;
				ENABLE_STRICT_OBJC_MSGSEND = YES;
				ENABLE_TESTABILITY = YES;
				GCC_C_LANGUAGE_STANDARD = gnu11;
				GCC_DYNAMIC_NO_PIC = NO;
				GCC_NO_COMMON_BLOCKS = YES;
				GCC_OPTIMIZATION_LEVEL = 0;
				GCC_PREPROCESSOR_DEFINITIONS = (
					"DEBUG=1",
					"$(inherited)",
				);
				GCC_WARN_64_TO_32_BIT_CONVERSION = YES;
				GCC_WARN_ABOUT_RETURN_TYPE = YES_ERROR;
				GCC_WARN_UNDECLARED_SELECTOR = YES;
				GCC_WARN_UNINITIALIZED_AUTOS = YES_AGGRESSIVE;
				GCC_WARN_UNUSED_FUNCTION = YES;
				GCC_WARN_UNUSED_VARIABLE = YES;
				IPHONEOS_DEPLOYMENT_TARGET = 13.0;
				MTL_ENABLE_DEBUG_INFO = INCLUDE_SOURCE;
				MTL_FAST_MATH = YES;
				ONLY_ACTIVE_ARCH = YES;
				SDKROOT = iphoneos;
				SWIFT_ACTIVE_COMPILATION_CONDITIONS = DEBUG;
				SWIFT_OPTIMIZATION_LEVEL = "-Onone";
			};
			name = Debug;
		};
		F0BB552A27EF4D5700FA7E99 /* Release */ = {
			isa = XCBuildConfiguration;
			buildSettings = {
				ALWAYS_SEARCH_USER_PATHS = NO;
				CLANG_ANALYZER_LOCALIZABILITY_NONLOCALIZED = YES;
				CLANG_ANALYZER_NONNULL = YES;
				CLANG_ANALYZER_NUMBER_OBJECT_CONVERSION = YES_AGGRESSIVE;
				CLANG_CXX_LANGUAGE_STANDARD = "gnu++17";
				CLANG_CXX_LIBRARY = "libc++";
				CLANG_ENABLE_MODULES = YES;
				CLANG_ENABLE_OBJC_ARC = YES;
				CLANG_ENABLE_OBJC_WEAK = YES;
				CLANG_WARN_BLOCK_CAPTURE_AUTORELEASING = YES;
				CLANG_WARN_BOOL_CONVERSION = YES;
				CLANG_WARN_COMMA = YES;
				CLANG_WARN_CONSTANT_CONVERSION = YES;
				CLANG_WARN_DEPRECATED_OBJC_IMPLEMENTATIONS = YES;
				CLANG_WARN_DIRECT_OBJC_ISA_USAGE = YES_ERROR;
				CLANG_WARN_DOCUMENTATION_COMMENTS = YES;
				CLANG_WARN_EMPTY_BODY = YES;
				CLANG_WARN_ENUM_CONVERSION = YES;
				CLANG_WARN_INFINITE_RECURSION = YES;
				CLANG_WARN_INT_CONVERSION = YES;
				CLANG_WARN_NON_LITERAL_NULL_CONVERSION = YES;
				CLANG_WARN_OBJC_IMPLICIT_RETAIN_SELF = YES;
				CLANG_WARN_OBJC_LITERAL_CONVERSION = YES;
				CLANG_WARN_OBJC_ROOT_CLASS = YES_ERROR;
				CLANG_WARN_QUOTED_INCLUDE_IN_FRAMEWORK_HEADER = YES;
				CLANG_WARN_RANGE_LOOP_ANALYSIS = YES;
				CLANG_WARN_STRICT_PROTOTYPES = YES;
				CLANG_WARN_SUSPICIOUS_MOVE = YES;
				CLANG_WARN_UNGUARDED_AVAILABILITY = YES_AGGRESSIVE;
				CLANG_WARN_UNREACHABLE_CODE = YES;
				CLANG_WARN__DUPLICATE_METHOD_MATCH = YES;
				COPY_PHASE_STRIP = NO;
				DEBUG_INFORMATION_FORMAT = "dwarf-with-dsym";
				ENABLE_NS_ASSERTIONS = NO;
				ENABLE_STRICT_OBJC_MSGSEND = YES;
				GCC_C_LANGUAGE_STANDARD = gnu11;
				GCC_NO_COMMON_BLOCKS = YES;
				GCC_WARN_64_TO_32_BIT_CONVERSION = YES;
				GCC_WARN_ABOUT_RETURN_TYPE = YES_ERROR;
				GCC_WARN_UNDECLARED_SELECTOR = YES;
				GCC_WARN_UNINITIALIZED_AUTOS = YES_AGGRESSIVE;
				GCC_WARN_UNUSED_FUNCTION = YES;
				GCC_WARN_UNUSED_VARIABLE = YES;
				IPHONEOS_DEPLOYMENT_TARGET = 13.0;
				MTL_ENABLE_DEBUG_INFO = NO;
				MTL_FAST_MATH = YES;
				SDKROOT = iphoneos;
				SWIFT_COMPILATION_MODE = wholemodule;
				SWIFT_OPTIMIZATION_LEVEL = "-O";
				VALIDATE_PRODUCT = YES;
			};
			name = Release;
		};
		F0BB552C27EF4D5700FA7E99 /* Debug */ = {
			isa = XCBuildConfiguration;
			baseConfigurationReference = 1EF9D0FA6CC2A9C597B9777B /* Pods-Agenda.debug.xcconfig */;
			buildSettings = {
				ASSETCATALOG_COMPILER_APPICON_NAME = AppIcon;
				ASSETCATALOG_COMPILER_GLOBAL_ACCENT_COLOR_NAME = AccentColor;
				CODE_SIGN_STYLE = Automatic;
				CURRENT_PROJECT_VERSION = 1;
				DEVELOPMENT_TEAM = H8V3Y2JKY7;
				GENERATE_INFOPLIST_FILE = YES;
				INFOPLIST_FILE = Agenda/Resources/Info.plist;
				INFOPLIST_KEY_UIApplicationSupportsIndirectInputEvents = YES;
				INFOPLIST_KEY_UILaunchStoryboardName = LaunchScreen;
				INFOPLIST_KEY_UISupportedInterfaceOrientations_iPad = "UIInterfaceOrientationPortrait UIInterfaceOrientationPortraitUpsideDown UIInterfaceOrientationLandscapeLeft UIInterfaceOrientationLandscapeRight";
				INFOPLIST_KEY_UISupportedInterfaceOrientations_iPhone = "UIInterfaceOrientationPortrait UIInterfaceOrientationLandscapeLeft UIInterfaceOrientationLandscapeRight";
				IPHONEOS_DEPLOYMENT_TARGET = 13.0;
				LD_RUNPATH_SEARCH_PATHS = (
					"$(inherited)",
					"@executable_path/Frameworks",
				);
				MARKETING_VERSION = 1.0;
				PRODUCT_BUNDLE_IDENTIFIER = com.egbad.Agenda;
				PRODUCT_NAME = "$(TARGET_NAME)";
				SWIFT_EMIT_LOC_STRINGS = YES;
				SWIFT_VERSION = 5.0;
				TARGETED_DEVICE_FAMILY = 1;
			};
			name = Debug;
		};
		F0BB552D27EF4D5700FA7E99 /* Release */ = {
			isa = XCBuildConfiguration;
			baseConfigurationReference = 0CCB2B433705F668DB7D12D1 /* Pods-Agenda.release.xcconfig */;
			buildSettings = {
				ASSETCATALOG_COMPILER_APPICON_NAME = AppIcon;
				ASSETCATALOG_COMPILER_GLOBAL_ACCENT_COLOR_NAME = AccentColor;
				CODE_SIGN_STYLE = Automatic;
				CURRENT_PROJECT_VERSION = 1;
				DEVELOPMENT_TEAM = H8V3Y2JKY7;
				GENERATE_INFOPLIST_FILE = YES;
				INFOPLIST_FILE = Agenda/Resources/Info.plist;
				INFOPLIST_KEY_UIApplicationSupportsIndirectInputEvents = YES;
				INFOPLIST_KEY_UILaunchStoryboardName = LaunchScreen;
				INFOPLIST_KEY_UISupportedInterfaceOrientations_iPad = "UIInterfaceOrientationPortrait UIInterfaceOrientationPortraitUpsideDown UIInterfaceOrientationLandscapeLeft UIInterfaceOrientationLandscapeRight";
				INFOPLIST_KEY_UISupportedInterfaceOrientations_iPhone = "UIInterfaceOrientationPortrait UIInterfaceOrientationLandscapeLeft UIInterfaceOrientationLandscapeRight";
				IPHONEOS_DEPLOYMENT_TARGET = 13.0;
				LD_RUNPATH_SEARCH_PATHS = (
					"$(inherited)",
					"@executable_path/Frameworks",
				);
				MARKETING_VERSION = 1.0;
				PRODUCT_BUNDLE_IDENTIFIER = com.egbad.Agenda;
				PRODUCT_NAME = "$(TARGET_NAME)";
				SWIFT_EMIT_LOC_STRINGS = YES;
				SWIFT_VERSION = 5.0;
				TARGETED_DEVICE_FAMILY = 1;
			};
			name = Release;
		};
		F0FFD19A28549DC6001EE4A6 /* Debug */ = {
			isa = XCBuildConfiguration;
			baseConfigurationReference = 5D505C0EF2184F89E4DB0A4C /* Pods-Agenda-AgendaUITests.debug.xcconfig */;
			buildSettings = {
				CODE_SIGN_STYLE = Automatic;
				CURRENT_PROJECT_VERSION = 1;
				DEVELOPMENT_TEAM = H8V3Y2JKY7;
				GENERATE_INFOPLIST_FILE = YES;
				IPHONEOS_DEPLOYMENT_TARGET = 15.5;
				MARKETING_VERSION = 1.0;
				PRODUCT_BUNDLE_IDENTIFIER = com.egbad.AgendaUITests;
				PRODUCT_NAME = "$(TARGET_NAME)";
				SWIFT_EMIT_LOC_STRINGS = NO;
				SWIFT_VERSION = 5.0;
				TARGETED_DEVICE_FAMILY = "1,2";
				TEST_TARGET_NAME = Agenda;
			};
			name = Debug;
		};
		F0FFD19B28549DC6001EE4A6 /* Release */ = {
			isa = XCBuildConfiguration;
			baseConfigurationReference = F8127F875EB012809056F7E6 /* Pods-Agenda-AgendaUITests.release.xcconfig */;
			buildSettings = {
				CODE_SIGN_STYLE = Automatic;
				CURRENT_PROJECT_VERSION = 1;
				DEVELOPMENT_TEAM = H8V3Y2JKY7;
				GENERATE_INFOPLIST_FILE = YES;
				IPHONEOS_DEPLOYMENT_TARGET = 15.5;
				MARKETING_VERSION = 1.0;
				PRODUCT_BUNDLE_IDENTIFIER = com.egbad.AgendaUITests;
				PRODUCT_NAME = "$(TARGET_NAME)";
				SWIFT_EMIT_LOC_STRINGS = NO;
				SWIFT_VERSION = 5.0;
				TARGETED_DEVICE_FAMILY = "1,2";
				TEST_TARGET_NAME = Agenda;
			};
			name = Release;
		};
/* End XCBuildConfiguration section */

/* Begin XCConfigurationList section */
		F0055BEF2854748F00430622 /* Build configuration list for PBXNativeTarget "AgendaTests" */ = {
			isa = XCConfigurationList;
			buildConfigurations = (
				F0055BF02854748F00430622 /* Debug */,
				F0055BF12854748F00430622 /* Release */,
			);
			defaultConfigurationIsVisible = 0;
			defaultConfigurationName = Release;
		};
		F0BB551227EF4D5400FA7E99 /* Build configuration list for PBXProject "Agenda" */ = {
			isa = XCConfigurationList;
			buildConfigurations = (
				F0BB552927EF4D5700FA7E99 /* Debug */,
				F0BB552A27EF4D5700FA7E99 /* Release */,
			);
			defaultConfigurationIsVisible = 0;
			defaultConfigurationName = Release;
		};
		F0BB552B27EF4D5700FA7E99 /* Build configuration list for PBXNativeTarget "Agenda" */ = {
			isa = XCConfigurationList;
			buildConfigurations = (
				F0BB552C27EF4D5700FA7E99 /* Debug */,
				F0BB552D27EF4D5700FA7E99 /* Release */,
			);
			defaultConfigurationIsVisible = 0;
			defaultConfigurationName = Release;
		};
		F0FFD19928549DC6001EE4A6 /* Build configuration list for PBXNativeTarget "AgendaUITests" */ = {
			isa = XCConfigurationList;
			buildConfigurations = (
				F0FFD19A28549DC6001EE4A6 /* Debug */,
				F0FFD19B28549DC6001EE4A6 /* Release */,
			);
			defaultConfigurationIsVisible = 0;
			defaultConfigurationName = Release;
		};
/* End XCConfigurationList section */

/* Begin XCVersionGroup section */
		F0BB554A27EF589100FA7E99 /* Agenda.xcdatamodeld */ = {
			isa = XCVersionGroup;
			children = (
				F0BB554B27EF589200FA7E99 /* Agenda.xcdatamodel */,
			);
			currentVersion = F0BB554B27EF589200FA7E99 /* Agenda.xcdatamodel */;
			path = Agenda.xcdatamodeld;
			sourceTree = "<group>";
			versionGroupType = wrapper.xcdatamodel;
		};
/* End XCVersionGroup section */
	};
	rootObject = F0BB550F27EF4D5400FA7E99 /* Project object */;
}
