// !$*UTF8*$!
{
	archiveVersion = 1;
	classes = {
	};
	objectVersion = 55;
	objects = {

/* Begin PBXBuildFile section */
		F00AB2242805902500C57F9D /* OnboardingTableView.swift in Sources */ = {isa = PBXBuildFile; fileRef = F00AB2232805902400C57F9D /* OnboardingTableView.swift */; };
		F010C62C27F75D410068E591 /* GoalTableViewCell.swift in Sources */ = {isa = PBXBuildFile; fileRef = F010C62B27F75D410068E591 /* GoalTableViewCell.swift */; };
		F016F77C27F7A4D6008D184A /* GoalData.swift in Sources */ = {isa = PBXBuildFile; fileRef = F016F77B27F7A4D6008D184A /* GoalData.swift */; };
		F016F77E27F7B1EC008D184A /* UIAlertController.swift in Sources */ = {isa = PBXBuildFile; fileRef = F016F77D27F7B1EC008D184A /* UIAlertController.swift */; };
		F01FDD2B280307A40011F1F3 /* OnboardingViewController.swift in Sources */ = {isa = PBXBuildFile; fileRef = F01FDD2A280307A40011F1F3 /* OnboardingViewController.swift */; };
		F01FDD2D280309040011F1F3 /* OnboardingTableViewCell.swift in Sources */ = {isa = PBXBuildFile; fileRef = F01FDD2C280309040011F1F3 /* OnboardingTableViewCell.swift */; };
		F01FDD2F28030A2F0011F1F3 /* UserDefaults.swift in Sources */ = {isa = PBXBuildFile; fileRef = F01FDD2E28030A2F0011F1F3 /* UserDefaults.swift */; };
		F02572A127FDE750000A9A06 /* Summary.swift in Sources */ = {isa = PBXBuildFile; fileRef = F02572A027FDE750000A9A06 /* Summary.swift */; };
		F030A20327F8DD51004B375A /* AlertError.swift in Sources */ = {isa = PBXBuildFile; fileRef = F030A20227F8DD51004B375A /* AlertError.swift */; };
		F0315AB127F84F6100C7D8F0 /* OldGoalDetailsViewController.swift in Sources */ = {isa = PBXBuildFile; fileRef = F0315AB027F84F6100C7D8F0 /* OldGoalDetailsViewController.swift */; };
		F037C51C27F5EC92001D2CBC /* OldAddGoalViewController.swift in Sources */ = {isa = PBXBuildFile; fileRef = F037C51B27F5EC92001D2CBC /* OldAddGoalViewController.swift */; };
		F037C52227F5ED1F001D2CBC /* UITextField.swift in Sources */ = {isa = PBXBuildFile; fileRef = F037C52127F5ED1F001D2CBC /* UITextField.swift */; };
		F03FE95C2849544700F265A2 /* AppCoordinator.swift in Sources */ = {isa = PBXBuildFile; fileRef = F03FE95B2849544700F265A2 /* AppCoordinator.swift */; };
		F03FE963284955E300F265A2 /* AddGoalPresenter.swift in Sources */ = {isa = PBXBuildFile; fileRef = F03FE95D284955E300F265A2 /* AddGoalPresenter.swift */; };
		F03FE964284955E300F265A2 /* AddGoalRouter.swift in Sources */ = {isa = PBXBuildFile; fileRef = F03FE95E284955E300F265A2 /* AddGoalRouter.swift */; };
		F03FE965284955E300F265A2 /* AddGoalViewController.swift in Sources */ = {isa = PBXBuildFile; fileRef = F03FE95F284955E300F265A2 /* AddGoalViewController.swift */; };
		F03FE966284955E300F265A2 /* AddGoalProtocols.swift in Sources */ = {isa = PBXBuildFile; fileRef = F03FE960284955E300F265A2 /* AddGoalProtocols.swift */; };
		F03FE967284955E300F265A2 /* AddGoalInteractor.swift in Sources */ = {isa = PBXBuildFile; fileRef = F03FE961284955E300F265A2 /* AddGoalInteractor.swift */; };
		F03FE968284955E300F265A2 /* AddGoalContainer.swift in Sources */ = {isa = PBXBuildFile; fileRef = F03FE962284955E300F265A2 /* AddGoalContainer.swift */; };
		F03FE96F284955ED00F265A2 /* GoalDetailsPresenter.swift in Sources */ = {isa = PBXBuildFile; fileRef = F03FE969284955ED00F265A2 /* GoalDetailsPresenter.swift */; };
		F03FE970284955ED00F265A2 /* GoalDetailsRouter.swift in Sources */ = {isa = PBXBuildFile; fileRef = F03FE96A284955ED00F265A2 /* GoalDetailsRouter.swift */; };
		F03FE971284955ED00F265A2 /* GoalDetailsViewController.swift in Sources */ = {isa = PBXBuildFile; fileRef = F03FE96B284955ED00F265A2 /* GoalDetailsViewController.swift */; };
		F03FE972284955ED00F265A2 /* GoalDetailsProtocols.swift in Sources */ = {isa = PBXBuildFile; fileRef = F03FE96C284955ED00F265A2 /* GoalDetailsProtocols.swift */; };
		F03FE973284955ED00F265A2 /* GoalDetailsInteractor.swift in Sources */ = {isa = PBXBuildFile; fileRef = F03FE96D284955ED00F265A2 /* GoalDetailsInteractor.swift */; };
		F03FE974284955ED00F265A2 /* GoalDetailsContainer.swift in Sources */ = {isa = PBXBuildFile; fileRef = F03FE96E284955ED00F265A2 /* GoalDetailsContainer.swift */; };
		F03FE9772849707000F265A2 /* GoalViewModel.swift in Sources */ = {isa = PBXBuildFile; fileRef = F03FE9762849707000F265A2 /* GoalViewModel.swift */; };
		F053020827FA161D00C62FAC /* UIViewController.swift in Sources */ = {isa = PBXBuildFile; fileRef = F053020727FA161D00C62FAC /* UIViewController.swift */; };
		F053020A27FA24CB00C62FAC /* MonthDetailsViewControllerOld.swift in Sources */ = {isa = PBXBuildFile; fileRef = F053020927FA24CB00C62FAC /* MonthDetailsViewControllerOld.swift */; };
		F053020C27FA264300C62FAC /* Date.swift in Sources */ = {isa = PBXBuildFile; fileRef = F053020B27FA264300C62FAC /* Date.swift */; };
		F065E7EB2847ECBF00FAEFE9 /* AgendaPresenter.swift in Sources */ = {isa = PBXBuildFile; fileRef = F065E7E52847ECBF00FAEFE9 /* AgendaPresenter.swift */; };
		F065E7EC2847ECBF00FAEFE9 /* AgendaRouter.swift in Sources */ = {isa = PBXBuildFile; fileRef = F065E7E62847ECBF00FAEFE9 /* AgendaRouter.swift */; };
		F065E7ED2847ECBF00FAEFE9 /* AgendaViewController.swift in Sources */ = {isa = PBXBuildFile; fileRef = F065E7E72847ECBF00FAEFE9 /* AgendaViewController.swift */; };
		F065E7EE2847ECBF00FAEFE9 /* AgendaProtocols.swift in Sources */ = {isa = PBXBuildFile; fileRef = F065E7E82847ECBF00FAEFE9 /* AgendaProtocols.swift */; };
		F065E7EF2847ECBF00FAEFE9 /* AgendaInteractor.swift in Sources */ = {isa = PBXBuildFile; fileRef = F065E7E92847ECBF00FAEFE9 /* AgendaInteractor.swift */; };
		F065E7F02847ECBF00FAEFE9 /* AgendaContainer.swift in Sources */ = {isa = PBXBuildFile; fileRef = F065E7EA2847ECBF00FAEFE9 /* AgendaContainer.swift */; };
		F06DA3C927FC3A3400A93898 /* SummaryTableViewCell.swift in Sources */ = {isa = PBXBuildFile; fileRef = F06DA3C827FC3A3400A93898 /* SummaryTableViewCell.swift */; };
		F0BB551B27EF4D5400FA7E99 /* AppDelegate.swift in Sources */ = {isa = PBXBuildFile; fileRef = F0BB551A27EF4D5400FA7E99 /* AppDelegate.swift */; };
		F0BB551D27EF4D5400FA7E99 /* SceneDelegate.swift in Sources */ = {isa = PBXBuildFile; fileRef = F0BB551C27EF4D5400FA7E99 /* SceneDelegate.swift */; };
		F0BB552427EF4D5700FA7E99 /* Assets.xcassets in Resources */ = {isa = PBXBuildFile; fileRef = F0BB552327EF4D5700FA7E99 /* Assets.xcassets */; };
		F0BB552727EF4D5700FA7E99 /* LaunchScreen.storyboard in Resources */ = {isa = PBXBuildFile; fileRef = F0BB552527EF4D5700FA7E99 /* LaunchScreen.storyboard */; };
		F0BB553827EF4F1E00FA7E99 /* CoreDataManager.swift in Sources */ = {isa = PBXBuildFile; fileRef = F0BB553727EF4F1E00FA7E99 /* CoreDataManager.swift */; };
		F0BB553F27EF509F00FA7E99 /* OldAgendaViewController.swift in Sources */ = {isa = PBXBuildFile; fileRef = F0BB553E27EF509F00FA7E99 /* OldAgendaViewController.swift */; };
		F0BB554327EF511800FA7E99 /* AgendaTableViewCell.swift in Sources */ = {isa = PBXBuildFile; fileRef = F0BB554227EF511800FA7E99 /* AgendaTableViewCell.swift */; };
		F0BB554527EF523B00FA7E99 /* OldHistoryViewController.swift in Sources */ = {isa = PBXBuildFile; fileRef = F0BB554427EF523B00FA7E99 /* OldHistoryViewController.swift */; };
		F0BB554727EF525300FA7E99 /* OldSummaryViewController.swift in Sources */ = {isa = PBXBuildFile; fileRef = F0BB554627EF525300FA7E99 /* OldSummaryViewController.swift */; };
		F0BB554C27EF589200FA7E99 /* Agenda.xcdatamodeld in Sources */ = {isa = PBXBuildFile; fileRef = F0BB554A27EF589100FA7E99 /* Agenda.xcdatamodeld */; };
		F0C8DA2227F4605300ED47C5 /* Goal+CoreDataClass.swift in Sources */ = {isa = PBXBuildFile; fileRef = F0C8DA1E27F4605200ED47C5 /* Goal+CoreDataClass.swift */; };
		F0C8DA2327F4605300ED47C5 /* Goal+CoreDataProperties.swift in Sources */ = {isa = PBXBuildFile; fileRef = F0C8DA1F27F4605200ED47C5 /* Goal+CoreDataProperties.swift */; };
		F0C8DA2427F4605300ED47C5 /* Month+CoreDataClass.swift in Sources */ = {isa = PBXBuildFile; fileRef = F0C8DA2027F4605200ED47C5 /* Month+CoreDataClass.swift */; };
		F0C8DA2527F4605300ED47C5 /* Month+CoreDataProperties.swift in Sources */ = {isa = PBXBuildFile; fileRef = F0C8DA2127F4605200ED47C5 /* Month+CoreDataProperties.swift */; };
		F0D83A9027F065EA0029CFD1 /* HistoryTableViewCell.swift in Sources */ = {isa = PBXBuildFile; fileRef = F0D83A8F27F065EA0029CFD1 /* HistoryTableViewCell.swift */; };
		F0EA8B2C27FAD2220048327A /* SPIndicator in Frameworks */ = {isa = PBXBuildFile; productRef = F0EA8B2B27FAD2220048327A /* SPIndicator */; };
		F0EA8B2E27FAD2B10048327A /* SeparatorView.swift in Sources */ = {isa = PBXBuildFile; fileRef = F0EA8B2D27FAD2B10048327A /* SeparatorView.swift */; };
		F0F45FE72801C2F000BA244D /* Labels.swift in Sources */ = {isa = PBXBuildFile; fileRef = F0F45FE62801C2F000BA244D /* Labels.swift */; };
		F0F45FEB2801C8DB00BA244D /* Localizable.strings in Resources */ = {isa = PBXBuildFile; fileRef = F0F45FED2801C8DB00BA244D /* Localizable.strings */; };
		F0F45FF02801C90C00BA244D /* String.swift in Sources */ = {isa = PBXBuildFile; fileRef = F0F45FEF2801C90C00BA244D /* String.swift */; };
/* End PBXBuildFile section */

/* Begin PBXFileReference section */
		F00AB2232805902400C57F9D /* OnboardingTableView.swift */ = {isa = PBXFileReference; lastKnownFileType = sourcecode.swift; path = OnboardingTableView.swift; sourceTree = "<group>"; };
		F010C62B27F75D410068E591 /* GoalTableViewCell.swift */ = {isa = PBXFileReference; lastKnownFileType = sourcecode.swift; path = GoalTableViewCell.swift; sourceTree = "<group>"; };
		F016F77B27F7A4D6008D184A /* GoalData.swift */ = {isa = PBXFileReference; lastKnownFileType = sourcecode.swift; path = GoalData.swift; sourceTree = "<group>"; };
		F016F77D27F7B1EC008D184A /* UIAlertController.swift */ = {isa = PBXFileReference; lastKnownFileType = sourcecode.swift; path = UIAlertController.swift; sourceTree = "<group>"; };
		F01FDD2A280307A40011F1F3 /* OnboardingViewController.swift */ = {isa = PBXFileReference; lastKnownFileType = sourcecode.swift; path = OnboardingViewController.swift; sourceTree = "<group>"; };
		F01FDD2C280309040011F1F3 /* OnboardingTableViewCell.swift */ = {isa = PBXFileReference; lastKnownFileType = sourcecode.swift; path = OnboardingTableViewCell.swift; sourceTree = "<group>"; };
		F01FDD2E28030A2F0011F1F3 /* UserDefaults.swift */ = {isa = PBXFileReference; lastKnownFileType = sourcecode.swift; path = UserDefaults.swift; sourceTree = "<group>"; };
		F02572A027FDE750000A9A06 /* Summary.swift */ = {isa = PBXFileReference; lastKnownFileType = sourcecode.swift; path = Summary.swift; sourceTree = "<group>"; };
		F030A20227F8DD51004B375A /* AlertError.swift */ = {isa = PBXFileReference; lastKnownFileType = sourcecode.swift; path = AlertError.swift; sourceTree = "<group>"; };
		F0315AB027F84F6100C7D8F0 /* OldGoalDetailsViewController.swift */ = {isa = PBXFileReference; lastKnownFileType = sourcecode.swift; path = OldGoalDetailsViewController.swift; sourceTree = "<group>"; };
		F037C51B27F5EC92001D2CBC /* OldAddGoalViewController.swift */ = {isa = PBXFileReference; lastKnownFileType = sourcecode.swift; path = OldAddGoalViewController.swift; sourceTree = "<group>"; };
		F037C52127F5ED1F001D2CBC /* UITextField.swift */ = {isa = PBXFileReference; lastKnownFileType = sourcecode.swift; path = UITextField.swift; sourceTree = "<group>"; };
		F03FE95B2849544700F265A2 /* AppCoordinator.swift */ = {isa = PBXFileReference; lastKnownFileType = sourcecode.swift; path = AppCoordinator.swift; sourceTree = "<group>"; };
		F03FE95D284955E300F265A2 /* AddGoalPresenter.swift */ = {isa = PBXFileReference; lastKnownFileType = sourcecode.swift; path = AddGoalPresenter.swift; sourceTree = "<group>"; };
		F03FE95E284955E300F265A2 /* AddGoalRouter.swift */ = {isa = PBXFileReference; lastKnownFileType = sourcecode.swift; path = AddGoalRouter.swift; sourceTree = "<group>"; };
		F03FE95F284955E300F265A2 /* AddGoalViewController.swift */ = {isa = PBXFileReference; lastKnownFileType = sourcecode.swift; path = AddGoalViewController.swift; sourceTree = "<group>"; };
		F03FE960284955E300F265A2 /* AddGoalProtocols.swift */ = {isa = PBXFileReference; lastKnownFileType = sourcecode.swift; path = AddGoalProtocols.swift; sourceTree = "<group>"; };
		F03FE961284955E300F265A2 /* AddGoalInteractor.swift */ = {isa = PBXFileReference; lastKnownFileType = sourcecode.swift; path = AddGoalInteractor.swift; sourceTree = "<group>"; };
		F03FE962284955E300F265A2 /* AddGoalContainer.swift */ = {isa = PBXFileReference; lastKnownFileType = sourcecode.swift; path = AddGoalContainer.swift; sourceTree = "<group>"; };
		F03FE969284955ED00F265A2 /* GoalDetailsPresenter.swift */ = {isa = PBXFileReference; lastKnownFileType = sourcecode.swift; path = GoalDetailsPresenter.swift; sourceTree = "<group>"; };
		F03FE96A284955ED00F265A2 /* GoalDetailsRouter.swift */ = {isa = PBXFileReference; lastKnownFileType = sourcecode.swift; path = GoalDetailsRouter.swift; sourceTree = "<group>"; };
		F03FE96B284955ED00F265A2 /* GoalDetailsViewController.swift */ = {isa = PBXFileReference; lastKnownFileType = sourcecode.swift; path = GoalDetailsViewController.swift; sourceTree = "<group>"; };
		F03FE96C284955ED00F265A2 /* GoalDetailsProtocols.swift */ = {isa = PBXFileReference; lastKnownFileType = sourcecode.swift; path = GoalDetailsProtocols.swift; sourceTree = "<group>"; };
		F03FE96D284955ED00F265A2 /* GoalDetailsInteractor.swift */ = {isa = PBXFileReference; lastKnownFileType = sourcecode.swift; path = GoalDetailsInteractor.swift; sourceTree = "<group>"; };
		F03FE96E284955ED00F265A2 /* GoalDetailsContainer.swift */ = {isa = PBXFileReference; lastKnownFileType = sourcecode.swift; path = GoalDetailsContainer.swift; sourceTree = "<group>"; };
		F03FE9762849707000F265A2 /* GoalViewModel.swift */ = {isa = PBXFileReference; lastKnownFileType = sourcecode.swift; path = GoalViewModel.swift; sourceTree = "<group>"; };
		F053020727FA161D00C62FAC /* UIViewController.swift */ = {isa = PBXFileReference; lastKnownFileType = sourcecode.swift; path = UIViewController.swift; sourceTree = "<group>"; };
		F053020927FA24CB00C62FAC /* MonthDetailsViewControllerOld.swift */ = {isa = PBXFileReference; lastKnownFileType = sourcecode.swift; path = MonthDetailsViewControllerOld.swift; sourceTree = "<group>"; };
		F053020B27FA264300C62FAC /* Date.swift */ = {isa = PBXFileReference; lastKnownFileType = sourcecode.swift; path = Date.swift; sourceTree = "<group>"; };
		F065E7E52847ECBF00FAEFE9 /* AgendaPresenter.swift */ = {isa = PBXFileReference; lastKnownFileType = sourcecode.swift; path = AgendaPresenter.swift; sourceTree = "<group>"; };
		F065E7E62847ECBF00FAEFE9 /* AgendaRouter.swift */ = {isa = PBXFileReference; lastKnownFileType = sourcecode.swift; path = AgendaRouter.swift; sourceTree = "<group>"; };
		F065E7E72847ECBF00FAEFE9 /* AgendaViewController.swift */ = {isa = PBXFileReference; lastKnownFileType = sourcecode.swift; path = AgendaViewController.swift; sourceTree = "<group>"; };
		F065E7E82847ECBF00FAEFE9 /* AgendaProtocols.swift */ = {isa = PBXFileReference; lastKnownFileType = sourcecode.swift; path = AgendaProtocols.swift; sourceTree = "<group>"; };
		F065E7E92847ECBF00FAEFE9 /* AgendaInteractor.swift */ = {isa = PBXFileReference; lastKnownFileType = sourcecode.swift; path = AgendaInteractor.swift; sourceTree = "<group>"; };
		F065E7EA2847ECBF00FAEFE9 /* AgendaContainer.swift */ = {isa = PBXFileReference; lastKnownFileType = sourcecode.swift; path = AgendaContainer.swift; sourceTree = "<group>"; };
		F06DA3C827FC3A3400A93898 /* SummaryTableViewCell.swift */ = {isa = PBXFileReference; lastKnownFileType = sourcecode.swift; path = SummaryTableViewCell.swift; sourceTree = "<group>"; };
		F0BB551727EF4D5400FA7E99 /* Agenda.app */ = {isa = PBXFileReference; explicitFileType = wrapper.application; includeInIndex = 0; path = Agenda.app; sourceTree = BUILT_PRODUCTS_DIR; };
		F0BB551A27EF4D5400FA7E99 /* AppDelegate.swift */ = {isa = PBXFileReference; lastKnownFileType = sourcecode.swift; path = AppDelegate.swift; sourceTree = "<group>"; };
		F0BB551C27EF4D5400FA7E99 /* SceneDelegate.swift */ = {isa = PBXFileReference; lastKnownFileType = sourcecode.swift; path = SceneDelegate.swift; sourceTree = "<group>"; };
		F0BB552327EF4D5700FA7E99 /* Assets.xcassets */ = {isa = PBXFileReference; lastKnownFileType = folder.assetcatalog; path = Assets.xcassets; sourceTree = "<group>"; };
		F0BB552627EF4D5700FA7E99 /* Base */ = {isa = PBXFileReference; lastKnownFileType = file.storyboard; name = Base; path = Base.lproj/LaunchScreen.storyboard; sourceTree = "<group>"; };
		F0BB552827EF4D5700FA7E99 /* Info.plist */ = {isa = PBXFileReference; lastKnownFileType = text.plist.xml; path = Info.plist; sourceTree = "<group>"; };
		F0BB552E27EF4D8700FA7E99 /* README.md */ = {isa = PBXFileReference; lastKnownFileType = net.daringfireball.markdown; path = README.md; sourceTree = "<group>"; };
		F0BB553727EF4F1E00FA7E99 /* CoreDataManager.swift */ = {isa = PBXFileReference; lastKnownFileType = sourcecode.swift; path = CoreDataManager.swift; sourceTree = "<group>"; };
		F0BB553E27EF509F00FA7E99 /* OldAgendaViewController.swift */ = {isa = PBXFileReference; lastKnownFileType = sourcecode.swift; path = OldAgendaViewController.swift; sourceTree = "<group>"; };
		F0BB554227EF511800FA7E99 /* AgendaTableViewCell.swift */ = {isa = PBXFileReference; lastKnownFileType = sourcecode.swift; path = AgendaTableViewCell.swift; sourceTree = "<group>"; };
		F0BB554427EF523B00FA7E99 /* OldHistoryViewController.swift */ = {isa = PBXFileReference; lastKnownFileType = sourcecode.swift; path = OldHistoryViewController.swift; sourceTree = "<group>"; };
		F0BB554627EF525300FA7E99 /* OldSummaryViewController.swift */ = {isa = PBXFileReference; lastKnownFileType = sourcecode.swift; path = OldSummaryViewController.swift; sourceTree = "<group>"; };
		F0BB554B27EF589200FA7E99 /* Agenda.xcdatamodel */ = {isa = PBXFileReference; lastKnownFileType = wrapper.xcdatamodel; path = Agenda.xcdatamodel; sourceTree = "<group>"; };
		F0C8DA1E27F4605200ED47C5 /* Goal+CoreDataClass.swift */ = {isa = PBXFileReference; lastKnownFileType = sourcecode.swift; path = "Goal+CoreDataClass.swift"; sourceTree = "<group>"; };
		F0C8DA1F27F4605200ED47C5 /* Goal+CoreDataProperties.swift */ = {isa = PBXFileReference; lastKnownFileType = sourcecode.swift; path = "Goal+CoreDataProperties.swift"; sourceTree = "<group>"; };
		F0C8DA2027F4605200ED47C5 /* Month+CoreDataClass.swift */ = {isa = PBXFileReference; lastKnownFileType = sourcecode.swift; path = "Month+CoreDataClass.swift"; sourceTree = "<group>"; };
		F0C8DA2127F4605200ED47C5 /* Month+CoreDataProperties.swift */ = {isa = PBXFileReference; lastKnownFileType = sourcecode.swift; path = "Month+CoreDataProperties.swift"; sourceTree = "<group>"; };
		F0D83A8F27F065EA0029CFD1 /* HistoryTableViewCell.swift */ = {isa = PBXFileReference; lastKnownFileType = sourcecode.swift; path = HistoryTableViewCell.swift; sourceTree = "<group>"; };
		F0EA8B2D27FAD2B10048327A /* SeparatorView.swift */ = {isa = PBXFileReference; lastKnownFileType = sourcecode.swift; path = SeparatorView.swift; sourceTree = "<group>"; };
		F0F45FE62801C2F000BA244D /* Labels.swift */ = {isa = PBXFileReference; lastKnownFileType = sourcecode.swift; path = Labels.swift; sourceTree = "<group>"; };
		F0F45FE82801C84C00BA244D /* ru */ = {isa = PBXFileReference; lastKnownFileType = text.plist.strings; name = ru; path = ru.lproj/LaunchScreen.strings; sourceTree = "<group>"; };
		F0F45FEC2801C8DB00BA244D /* en */ = {isa = PBXFileReference; lastKnownFileType = text.plist.strings; name = en; path = en.lproj/Localizable.strings; sourceTree = "<group>"; };
		F0F45FEE2801C8E000BA244D /* ru */ = {isa = PBXFileReference; lastKnownFileType = text.plist.strings; name = ru; path = ru.lproj/Localizable.strings; sourceTree = "<group>"; };
		F0F45FEF2801C90C00BA244D /* String.swift */ = {isa = PBXFileReference; lastKnownFileType = sourcecode.swift; path = String.swift; sourceTree = "<group>"; };
/* End PBXFileReference section */

/* Begin PBXFrameworksBuildPhase section */
		F0BB551427EF4D5400FA7E99 /* Frameworks */ = {
			isa = PBXFrameworksBuildPhase;
			buildActionMask = 2147483647;
			files = (
				F0EA8B2C27FAD2220048327A /* SPIndicator in Frameworks */,
			);
			runOnlyForDeploymentPostprocessing = 0;
		};
/* End PBXFrameworksBuildPhase section */

/* Begin PBXGroup section */
		F037C51F27F5ECF8001D2CBC /* Extensions */ = {
			isa = PBXGroup;
			children = (
				F037C52027F5ED00001D2CBC /* UIKit */,
				F053020B27FA264300C62FAC /* Date.swift */,
				F0F45FEF2801C90C00BA244D /* String.swift */,
				F01FDD2E28030A2F0011F1F3 /* UserDefaults.swift */,
			);
			path = Extensions;
			sourceTree = "<group>";
		};
		F037C52027F5ED00001D2CBC /* UIKit */ = {
			isa = PBXGroup;
			children = (
				F037C52127F5ED1F001D2CBC /* UITextField.swift */,
				F016F77D27F7B1EC008D184A /* UIAlertController.swift */,
				F053020727FA161D00C62FAC /* UIViewController.swift */,
			);
			path = UIKit;
			sourceTree = "<group>";
		};
		F03FE956284953C900F265A2 /* AddGoal */ = {
			isa = PBXGroup;
			children = (
				F03FE95D284955E300F265A2 /* AddGoalPresenter.swift */,
				F03FE95E284955E300F265A2 /* AddGoalRouter.swift */,
				F03FE95F284955E300F265A2 /* AddGoalViewController.swift */,
				F03FE960284955E300F265A2 /* AddGoalProtocols.swift */,
				F03FE961284955E300F265A2 /* AddGoalInteractor.swift */,
				F03FE962284955E300F265A2 /* AddGoalContainer.swift */,
				F037C51B27F5EC92001D2CBC /* OldAddGoalViewController.swift */,
			);
			path = AddGoal;
			sourceTree = "<group>";
		};
		F03FE957284953D200F265A2 /* GoalDetails */ = {
			isa = PBXGroup;
			children = (
				F03FE969284955ED00F265A2 /* GoalDetailsPresenter.swift */,
				F03FE96A284955ED00F265A2 /* GoalDetailsRouter.swift */,
				F03FE96B284955ED00F265A2 /* GoalDetailsViewController.swift */,
				F03FE96C284955ED00F265A2 /* GoalDetailsProtocols.swift */,
				F03FE96D284955ED00F265A2 /* GoalDetailsInteractor.swift */,
				F03FE96E284955ED00F265A2 /* GoalDetailsContainer.swift */,
				F0315AB027F84F6100C7D8F0 /* OldGoalDetailsViewController.swift */,
			);
			path = GoalDetails;
			sourceTree = "<group>";
		};
		F03FE958284953EF00F265A2 /* History */ = {
			isa = PBXGroup;
			children = (
				F0BB554427EF523B00FA7E99 /* OldHistoryViewController.swift */,
			);
			path = History;
			sourceTree = "<group>";
		};
		F03FE959284953F400F265A2 /* MonthDetails */ = {
			isa = PBXGroup;
			children = (
				F053020927FA24CB00C62FAC /* MonthDetailsViewControllerOld.swift */,
			);
			path = MonthDetails;
			sourceTree = "<group>";
		};
		F03FE95A284953FA00F265A2 /* Summary */ = {
			isa = PBXGroup;
			children = (
				F0BB554627EF525300FA7E99 /* OldSummaryViewController.swift */,
			);
			path = Summary;
			sourceTree = "<group>";
		};
		F03FE9752849684D00F265A2 /* Views */ = {
			isa = PBXGroup;
			children = (
				F065E7E72847ECBF00FAEFE9 /* AgendaViewController.swift */,
				F0BB554227EF511800FA7E99 /* AgendaTableViewCell.swift */,
			);
			path = Views;
			sourceTree = "<group>";
		};
		F03FE978284970B600F265A2 /* ViewModels */ = {
			isa = PBXGroup;
			children = (
			);
			path = ViewModels;
			sourceTree = "<group>";
		};
		F065E7E22847ECA400FAEFE9 /* Agenda */ = {
			isa = PBXGroup;
			children = (
				F065E7E52847ECBF00FAEFE9 /* AgendaPresenter.swift */,
				F065E7E62847ECBF00FAEFE9 /* AgendaRouter.swift */,
				F065E7E82847ECBF00FAEFE9 /* AgendaProtocols.swift */,
				F065E7E92847ECBF00FAEFE9 /* AgendaInteractor.swift */,
				F065E7EA2847ECBF00FAEFE9 /* AgendaContainer.swift */,
				F03FE9752849684D00F265A2 /* Views */,
				F03FE978284970B600F265A2 /* ViewModels */,
				F0BB553E27EF509F00FA7E99 /* OldAgendaViewController.swift */,
			);
			path = Agenda;
			sourceTree = "<group>";
		};
		F065E7E32847ECAA00FAEFE9 /* Modules */ = {
			isa = PBXGroup;
			children = (
				F065E7E22847ECA400FAEFE9 /* Agenda */,
				F03FE956284953C900F265A2 /* AddGoal */,
				F03FE957284953D200F265A2 /* GoalDetails */,
				F03FE958284953EF00F265A2 /* History */,
				F03FE959284953F400F265A2 /* MonthDetails */,
				F03FE95A284953FA00F265A2 /* Summary */,
				F01FDD2A280307A40011F1F3 /* OnboardingViewController.swift */,
			);
			path = Modules;
			sourceTree = "<group>";
		};
		F0BB550E27EF4D5400FA7E99 = {
			isa = PBXGroup;
			children = (
				F0BB552E27EF4D8700FA7E99 /* README.md */,
				F0BB551927EF4D5400FA7E99 /* Agenda */,
				F0BB551827EF4D5400FA7E99 /* Products */,
			);
			sourceTree = "<group>";
		};
		F0BB551827EF4D5400FA7E99 /* Products */ = {
			isa = PBXGroup;
			children = (
				F0BB551727EF4D5400FA7E99 /* Agenda.app */,
			);
			name = Products;
			sourceTree = "<group>";
		};
		F0BB551927EF4D5400FA7E99 /* Agenda */ = {
			isa = PBXGroup;
			children = (
				F0BB553027EF4DC500FA7E99 /* Application */,
				F065E7E32847ECAA00FAEFE9 /* Modules */,
				F0BB554027EF510500FA7E99 /* Views */,
				F0BB553627EF4F0D00FA7E99 /* Models */,
				F0BB553427EF4EFE00FA7E99 /* Services */,
				F037C51F27F5ECF8001D2CBC /* Extensions */,
				F0BB552F27EF4DBE00FA7E99 /* Resources */,
			);
			path = Agenda;
			sourceTree = "<group>";
		};
		F0BB552F27EF4DBE00FA7E99 /* Resources */ = {
			isa = PBXGroup;
			children = (
				F0BB552327EF4D5700FA7E99 /* Assets.xcassets */,
				F0BB554A27EF589100FA7E99 /* Agenda.xcdatamodeld */,
				F0F45FE62801C2F000BA244D /* Labels.swift */,
				F0F45FED2801C8DB00BA244D /* Localizable.strings */,
				F0BB552827EF4D5700FA7E99 /* Info.plist */,
				F0BB552527EF4D5700FA7E99 /* LaunchScreen.storyboard */,
			);
			path = Resources;
			sourceTree = "<group>";
		};
		F0BB553027EF4DC500FA7E99 /* Application */ = {
			isa = PBXGroup;
			children = (
				F0BB551A27EF4D5400FA7E99 /* AppDelegate.swift */,
				F0BB551C27EF4D5400FA7E99 /* SceneDelegate.swift */,
				F03FE95B2849544700F265A2 /* AppCoordinator.swift */,
			);
			path = Application;
			sourceTree = "<group>";
		};
		F0BB553427EF4EFE00FA7E99 /* Services */ = {
			isa = PBXGroup;
			children = (
				F0BB553727EF4F1E00FA7E99 /* CoreDataManager.swift */,
			);
			path = Services;
			sourceTree = "<group>";
		};
		F0BB553627EF4F0D00FA7E99 /* Models */ = {
			isa = PBXGroup;
			children = (
				F0BB555527EF5AD800FA7E99 /* CoreData */,
				F016F77B27F7A4D6008D184A /* GoalData.swift */,
				F02572A027FDE750000A9A06 /* Summary.swift */,
				F03FE9762849707000F265A2 /* GoalViewModel.swift */,
			);
			path = Models;
			sourceTree = "<group>";
		};
		F0BB554027EF510500FA7E99 /* Views */ = {
			isa = PBXGroup;
			children = (
				F0BB554127EF510D00FA7E99 /* Cells */,
				F030A20227F8DD51004B375A /* AlertError.swift */,
				F0EA8B2D27FAD2B10048327A /* SeparatorView.swift */,
				F00AB2232805902400C57F9D /* OnboardingTableView.swift */,
			);
			path = Views;
			sourceTree = "<group>";
		};
		F0BB554127EF510D00FA7E99 /* Cells */ = {
			isa = PBXGroup;
			children = (
				F010C62B27F75D410068E591 /* GoalTableViewCell.swift */,
				F0D83A8F27F065EA0029CFD1 /* HistoryTableViewCell.swift */,
				F06DA3C827FC3A3400A93898 /* SummaryTableViewCell.swift */,
				F01FDD2C280309040011F1F3 /* OnboardingTableViewCell.swift */,
			);
			path = Cells;
			sourceTree = "<group>";
		};
		F0BB555527EF5AD800FA7E99 /* CoreData */ = {
			isa = PBXGroup;
			children = (
				F0C8DA1E27F4605200ED47C5 /* Goal+CoreDataClass.swift */,
				F0C8DA1F27F4605200ED47C5 /* Goal+CoreDataProperties.swift */,
				F0C8DA2027F4605200ED47C5 /* Month+CoreDataClass.swift */,
				F0C8DA2127F4605200ED47C5 /* Month+CoreDataProperties.swift */,
			);
			path = CoreData;
			sourceTree = "<group>";
		};
/* End PBXGroup section */

/* Begin PBXNativeTarget section */
		F0BB551627EF4D5400FA7E99 /* Agenda */ = {
			isa = PBXNativeTarget;
			buildConfigurationList = F0BB552B27EF4D5700FA7E99 /* Build configuration list for PBXNativeTarget "Agenda" */;
			buildPhases = (
				F0BB551327EF4D5400FA7E99 /* Sources */,
				F0BB551427EF4D5400FA7E99 /* Frameworks */,
				F0BB551527EF4D5400FA7E99 /* Resources */,
			);
			buildRules = (
			);
			dependencies = (
			);
			name = Agenda;
			packageProductDependencies = (
				F0EA8B2B27FAD2220048327A /* SPIndicator */,
			);
			productName = Agenda;
			productReference = F0BB551727EF4D5400FA7E99 /* Agenda.app */;
			productType = "com.apple.product-type.application";
		};
/* End PBXNativeTarget section */

/* Begin PBXProject section */
		F0BB550F27EF4D5400FA7E99 /* Project object */ = {
			isa = PBXProject;
			attributes = {
				BuildIndependentTargetsInParallel = 1;
				LastSwiftUpdateCheck = 1320;
				LastUpgradeCheck = 1320;
				TargetAttributes = {
					F0BB551627EF4D5400FA7E99 = {
						CreatedOnToolsVersion = 13.2.1;
					};
				};
			};
			buildConfigurationList = F0BB551227EF4D5400FA7E99 /* Build configuration list for PBXProject "Agenda" */;
			compatibilityVersion = "Xcode 13.0";
			developmentRegion = en;
			hasScannedForEncodings = 0;
			knownRegions = (
				en,
				Base,
				ru,
			);
			mainGroup = F0BB550E27EF4D5400FA7E99;
			packageReferences = (
				F0EA8B2A27FAD2220048327A /* XCRemoteSwiftPackageReference "SPIndicator" */,
			);
			productRefGroup = F0BB551827EF4D5400FA7E99 /* Products */;
			projectDirPath = "";
			projectRoot = "";
			targets = (
				F0BB551627EF4D5400FA7E99 /* Agenda */,
			);
		};
/* End PBXProject section */

/* Begin PBXResourcesBuildPhase section */
		F0BB551527EF4D5400FA7E99 /* Resources */ = {
			isa = PBXResourcesBuildPhase;
			buildActionMask = 2147483647;
			files = (
				F0F45FEB2801C8DB00BA244D /* Localizable.strings in Resources */,
				F0BB552727EF4D5700FA7E99 /* LaunchScreen.storyboard in Resources */,
				F0BB552427EF4D5700FA7E99 /* Assets.xcassets in Resources */,
			);
			runOnlyForDeploymentPostprocessing = 0;
		};
/* End PBXResourcesBuildPhase section */

/* Begin PBXSourcesBuildPhase section */
		F0BB551327EF4D5400FA7E99 /* Sources */ = {
			isa = PBXSourcesBuildPhase;
			buildActionMask = 2147483647;
			files = (
				F0EA8B2E27FAD2B10048327A /* SeparatorView.swift in Sources */,
				F03FE967284955E300F265A2 /* AddGoalInteractor.swift in Sources */,
				F03FE971284955ED00F265A2 /* GoalDetailsViewController.swift in Sources */,
				F0BB551B27EF4D5400FA7E99 /* AppDelegate.swift in Sources */,
				F065E7EF2847ECBF00FAEFE9 /* AgendaInteractor.swift in Sources */,
				F0BB554C27EF589200FA7E99 /* Agenda.xcdatamodeld in Sources */,
				F03FE972284955ED00F265A2 /* GoalDetailsProtocols.swift in Sources */,
				F01FDD2D280309040011F1F3 /* OnboardingTableViewCell.swift in Sources */,
				F037C51C27F5EC92001D2CBC /* OldAddGoalViewController.swift in Sources */,
				F03FE9772849707000F265A2 /* GoalViewModel.swift in Sources */,
				F0C8DA2227F4605300ED47C5 /* Goal+CoreDataClass.swift in Sources */,
				F065E7EB2847ECBF00FAEFE9 /* AgendaPresenter.swift in Sources */,
				F016F77E27F7B1EC008D184A /* UIAlertController.swift in Sources */,
				F065E7ED2847ECBF00FAEFE9 /* AgendaViewController.swift in Sources */,
				F02572A127FDE750000A9A06 /* Summary.swift in Sources */,
				F065E7EC2847ECBF00FAEFE9 /* AgendaRouter.swift in Sources */,
				F03FE95C2849544700F265A2 /* AppCoordinator.swift in Sources */,
				F065E7F02847ECBF00FAEFE9 /* AgendaContainer.swift in Sources */,
				F0BB551D27EF4D5400FA7E99 /* SceneDelegate.swift in Sources */,
				F03FE973284955ED00F265A2 /* GoalDetailsInteractor.swift in Sources */,
				F03FE970284955ED00F265A2 /* GoalDetailsRouter.swift in Sources */,
				F053020C27FA264300C62FAC /* Date.swift in Sources */,
				F03FE974284955ED00F265A2 /* GoalDetailsContainer.swift in Sources */,
				F053020827FA161D00C62FAC /* UIViewController.swift in Sources */,
				F016F77C27F7A4D6008D184A /* GoalData.swift in Sources */,
				F065E7EE2847ECBF00FAEFE9 /* AgendaProtocols.swift in Sources */,
				F03FE96F284955ED00F265A2 /* GoalDetailsPresenter.swift in Sources */,
				F030A20327F8DD51004B375A /* AlertError.swift in Sources */,
				F0F45FF02801C90C00BA244D /* String.swift in Sources */,
				F03FE965284955E300F265A2 /* AddGoalViewController.swift in Sources */,
				F03FE963284955E300F265A2 /* AddGoalPresenter.swift in Sources */,
				F01FDD2F28030A2F0011F1F3 /* UserDefaults.swift in Sources */,
				F0BB553F27EF509F00FA7E99 /* OldAgendaViewController.swift in Sources */,
				F0C8DA2527F4605300ED47C5 /* Month+CoreDataProperties.swift in Sources */,
				F03FE968284955E300F265A2 /* AddGoalContainer.swift in Sources */,
				F00AB2242805902500C57F9D /* OnboardingTableView.swift in Sources */,
				F03FE966284955E300F265A2 /* AddGoalProtocols.swift in Sources */,
				F053020A27FA24CB00C62FAC /* MonthDetailsViewControllerOld.swift in Sources */,
				F0C8DA2427F4605300ED47C5 /* Month+CoreDataClass.swift in Sources */,
				F0BB553827EF4F1E00FA7E99 /* CoreDataManager.swift in Sources */,
				F010C62C27F75D410068E591 /* GoalTableViewCell.swift in Sources */,
				F06DA3C927FC3A3400A93898 /* SummaryTableViewCell.swift in Sources */,
				F0D83A9027F065EA0029CFD1 /* HistoryTableViewCell.swift in Sources */,
				F0315AB127F84F6100C7D8F0 /* OldGoalDetailsViewController.swift in Sources */,
				F01FDD2B280307A40011F1F3 /* OnboardingViewController.swift in Sources */,
				F037C52227F5ED1F001D2CBC /* UITextField.swift in Sources */,
				F0C8DA2327F4605300ED47C5 /* Goal+CoreDataProperties.swift in Sources */,
				F03FE964284955E300F265A2 /* AddGoalRouter.swift in Sources */,
				F0BB554327EF511800FA7E99 /* AgendaTableViewCell.swift in Sources */,
				F0BB554527EF523B00FA7E99 /* OldHistoryViewController.swift in Sources */,
				F0BB554727EF525300FA7E99 /* OldSummaryViewController.swift in Sources */,
				F0F45FE72801C2F000BA244D /* Labels.swift in Sources */,
			);
			runOnlyForDeploymentPostprocessing = 0;
		};
/* End PBXSourcesBuildPhase section */

/* Begin PBXVariantGroup section */
		F0BB552527EF4D5700FA7E99 /* LaunchScreen.storyboard */ = {
			isa = PBXVariantGroup;
			children = (
				F0BB552627EF4D5700FA7E99 /* Base */,
				F0F45FE82801C84C00BA244D /* ru */,
			);
			name = LaunchScreen.storyboard;
			sourceTree = "<group>";
		};
		F0F45FED2801C8DB00BA244D /* Localizable.strings */ = {
			isa = PBXVariantGroup;
			children = (
				F0F45FEC2801C8DB00BA244D /* en */,
				F0F45FEE2801C8E000BA244D /* ru */,
			);
			name = Localizable.strings;
			sourceTree = "<group>";
		};
/* End PBXVariantGroup section */

/* Begin XCBuildConfiguration section */
		F0BB552927EF4D5700FA7E99 /* Debug */ = {
			isa = XCBuildConfiguration;
			buildSettings = {
				ALWAYS_SEARCH_USER_PATHS = NO;
				CLANG_ANALYZER_LOCALIZABILITY_NONLOCALIZED = YES;
				CLANG_ANALYZER_NONNULL = YES;
				CLANG_ANALYZER_NUMBER_OBJECT_CONVERSION = YES_AGGRESSIVE;
				CLANG_CXX_LANGUAGE_STANDARD = "gnu++17";
				CLANG_CXX_LIBRARY = "libc++";
				CLANG_ENABLE_MODULES = YES;
				CLANG_ENABLE_OBJC_ARC = YES;
				CLANG_ENABLE_OBJC_WEAK = YES;
				CLANG_WARN_BLOCK_CAPTURE_AUTORELEASING = YES;
				CLANG_WARN_BOOL_CONVERSION = YES;
				CLANG_WARN_COMMA = YES;
				CLANG_WARN_CONSTANT_CONVERSION = YES;
				CLANG_WARN_DEPRECATED_OBJC_IMPLEMENTATIONS = YES;
				CLANG_WARN_DIRECT_OBJC_ISA_USAGE = YES_ERROR;
				CLANG_WARN_DOCUMENTATION_COMMENTS = YES;
				CLANG_WARN_EMPTY_BODY = YES;
				CLANG_WARN_ENUM_CONVERSION = YES;
				CLANG_WARN_INFINITE_RECURSION = YES;
				CLANG_WARN_INT_CONVERSION = YES;
				CLANG_WARN_NON_LITERAL_NULL_CONVERSION = YES;
				CLANG_WARN_OBJC_IMPLICIT_RETAIN_SELF = YES;
				CLANG_WARN_OBJC_LITERAL_CONVERSION = YES;
				CLANG_WARN_OBJC_ROOT_CLASS = YES_ERROR;
				CLANG_WARN_QUOTED_INCLUDE_IN_FRAMEWORK_HEADER = YES;
				CLANG_WARN_RANGE_LOOP_ANALYSIS = YES;
				CLANG_WARN_STRICT_PROTOTYPES = YES;
				CLANG_WARN_SUSPICIOUS_MOVE = YES;
				CLANG_WARN_UNGUARDED_AVAILABILITY = YES_AGGRESSIVE;
				CLANG_WARN_UNREACHABLE_CODE = YES;
				CLANG_WARN__DUPLICATE_METHOD_MATCH = YES;
				COPY_PHASE_STRIP = NO;
				DEBUG_INFORMATION_FORMAT = dwarf;
				ENABLE_STRICT_OBJC_MSGSEND = YES;
				ENABLE_TESTABILITY = YES;
				GCC_C_LANGUAGE_STANDARD = gnu11;
				GCC_DYNAMIC_NO_PIC = NO;
				GCC_NO_COMMON_BLOCKS = YES;
				GCC_OPTIMIZATION_LEVEL = 0;
				GCC_PREPROCESSOR_DEFINITIONS = (
					"DEBUG=1",
					"$(inherited)",
				);
				GCC_WARN_64_TO_32_BIT_CONVERSION = YES;
				GCC_WARN_ABOUT_RETURN_TYPE = YES_ERROR;
				GCC_WARN_UNDECLARED_SELECTOR = YES;
				GCC_WARN_UNINITIALIZED_AUTOS = YES_AGGRESSIVE;
				GCC_WARN_UNUSED_FUNCTION = YES;
				GCC_WARN_UNUSED_VARIABLE = YES;
				IPHONEOS_DEPLOYMENT_TARGET = 13.0;
				MTL_ENABLE_DEBUG_INFO = INCLUDE_SOURCE;
				MTL_FAST_MATH = YES;
				ONLY_ACTIVE_ARCH = YES;
				SDKROOT = iphoneos;
				SWIFT_ACTIVE_COMPILATION_CONDITIONS = DEBUG;
				SWIFT_OPTIMIZATION_LEVEL = "-Onone";
			};
			name = Debug;
		};
		F0BB552A27EF4D5700FA7E99 /* Release */ = {
			isa = XCBuildConfiguration;
			buildSettings = {
				ALWAYS_SEARCH_USER_PATHS = NO;
				CLANG_ANALYZER_LOCALIZABILITY_NONLOCALIZED = YES;
				CLANG_ANALYZER_NONNULL = YES;
				CLANG_ANALYZER_NUMBER_OBJECT_CONVERSION = YES_AGGRESSIVE;
				CLANG_CXX_LANGUAGE_STANDARD = "gnu++17";
				CLANG_CXX_LIBRARY = "libc++";
				CLANG_ENABLE_MODULES = YES;
				CLANG_ENABLE_OBJC_ARC = YES;
				CLANG_ENABLE_OBJC_WEAK = YES;
				CLANG_WARN_BLOCK_CAPTURE_AUTORELEASING = YES;
				CLANG_WARN_BOOL_CONVERSION = YES;
				CLANG_WARN_COMMA = YES;
				CLANG_WARN_CONSTANT_CONVERSION = YES;
				CLANG_WARN_DEPRECATED_OBJC_IMPLEMENTATIONS = YES;
				CLANG_WARN_DIRECT_OBJC_ISA_USAGE = YES_ERROR;
				CLANG_WARN_DOCUMENTATION_COMMENTS = YES;
				CLANG_WARN_EMPTY_BODY = YES;
				CLANG_WARN_ENUM_CONVERSION = YES;
				CLANG_WARN_INFINITE_RECURSION = YES;
				CLANG_WARN_INT_CONVERSION = YES;
				CLANG_WARN_NON_LITERAL_NULL_CONVERSION = YES;
				CLANG_WARN_OBJC_IMPLICIT_RETAIN_SELF = YES;
				CLANG_WARN_OBJC_LITERAL_CONVERSION = YES;
				CLANG_WARN_OBJC_ROOT_CLASS = YES_ERROR;
				CLANG_WARN_QUOTED_INCLUDE_IN_FRAMEWORK_HEADER = YES;
				CLANG_WARN_RANGE_LOOP_ANALYSIS = YES;
				CLANG_WARN_STRICT_PROTOTYPES = YES;
				CLANG_WARN_SUSPICIOUS_MOVE = YES;
				CLANG_WARN_UNGUARDED_AVAILABILITY = YES_AGGRESSIVE;
				CLANG_WARN_UNREACHABLE_CODE = YES;
				CLANG_WARN__DUPLICATE_METHOD_MATCH = YES;
				COPY_PHASE_STRIP = NO;
				DEBUG_INFORMATION_FORMAT = "dwarf-with-dsym";
				ENABLE_NS_ASSERTIONS = NO;
				ENABLE_STRICT_OBJC_MSGSEND = YES;
				GCC_C_LANGUAGE_STANDARD = gnu11;
				GCC_NO_COMMON_BLOCKS = YES;
				GCC_WARN_64_TO_32_BIT_CONVERSION = YES;
				GCC_WARN_ABOUT_RETURN_TYPE = YES_ERROR;
				GCC_WARN_UNDECLARED_SELECTOR = YES;
				GCC_WARN_UNINITIALIZED_AUTOS = YES_AGGRESSIVE;
				GCC_WARN_UNUSED_FUNCTION = YES;
				GCC_WARN_UNUSED_VARIABLE = YES;
				IPHONEOS_DEPLOYMENT_TARGET = 13.0;
				MTL_ENABLE_DEBUG_INFO = NO;
				MTL_FAST_MATH = YES;
				SDKROOT = iphoneos;
				SWIFT_COMPILATION_MODE = wholemodule;
				SWIFT_OPTIMIZATION_LEVEL = "-O";
				VALIDATE_PRODUCT = YES;
			};
			name = Release;
		};
		F0BB552C27EF4D5700FA7E99 /* Debug */ = {
			isa = XCBuildConfiguration;
			buildSettings = {
				ASSETCATALOG_COMPILER_APPICON_NAME = AppIcon;
				ASSETCATALOG_COMPILER_GLOBAL_ACCENT_COLOR_NAME = AccentColor;
				CODE_SIGN_STYLE = Automatic;
				CURRENT_PROJECT_VERSION = 1;
				DEVELOPMENT_TEAM = H8V3Y2JKY7;
				GENERATE_INFOPLIST_FILE = YES;
				INFOPLIST_FILE = Agenda/Resources/Info.plist;
				INFOPLIST_KEY_UIApplicationSupportsIndirectInputEvents = YES;
				INFOPLIST_KEY_UILaunchStoryboardName = LaunchScreen;
				INFOPLIST_KEY_UISupportedInterfaceOrientations_iPad = "UIInterfaceOrientationPortrait UIInterfaceOrientationPortraitUpsideDown UIInterfaceOrientationLandscapeLeft UIInterfaceOrientationLandscapeRight";
				INFOPLIST_KEY_UISupportedInterfaceOrientations_iPhone = "UIInterfaceOrientationPortrait UIInterfaceOrientationLandscapeLeft UIInterfaceOrientationLandscapeRight";
				LD_RUNPATH_SEARCH_PATHS = (
					"$(inherited)",
					"@executable_path/Frameworks",
				);
				MARKETING_VERSION = 1.0;
				PRODUCT_BUNDLE_IDENTIFIER = com.egbad.Agenda;
				PRODUCT_NAME = "$(TARGET_NAME)";
				SWIFT_EMIT_LOC_STRINGS = YES;
				SWIFT_VERSION = 5.0;
				TARGETED_DEVICE_FAMILY = 1;
			};
			name = Debug;
		};
		F0BB552D27EF4D5700FA7E99 /* Release */ = {
			isa = XCBuildConfiguration;
			buildSettings = {
				ASSETCATALOG_COMPILER_APPICON_NAME = AppIcon;
				ASSETCATALOG_COMPILER_GLOBAL_ACCENT_COLOR_NAME = AccentColor;
				CODE_SIGN_STYLE = Automatic;
				CURRENT_PROJECT_VERSION = 1;
				DEVELOPMENT_TEAM = H8V3Y2JKY7;
				GENERATE_INFOPLIST_FILE = YES;
				INFOPLIST_FILE = Agenda/Resources/Info.plist;
				INFOPLIST_KEY_UIApplicationSupportsIndirectInputEvents = YES;
				INFOPLIST_KEY_UILaunchStoryboardName = LaunchScreen;
				INFOPLIST_KEY_UISupportedInterfaceOrientations_iPad = "UIInterfaceOrientationPortrait UIInterfaceOrientationPortraitUpsideDown UIInterfaceOrientationLandscapeLeft UIInterfaceOrientationLandscapeRight";
				INFOPLIST_KEY_UISupportedInterfaceOrientations_iPhone = "UIInterfaceOrientationPortrait UIInterfaceOrientationLandscapeLeft UIInterfaceOrientationLandscapeRight";
				LD_RUNPATH_SEARCH_PATHS = (
					"$(inherited)",
					"@executable_path/Frameworks",
				);
				MARKETING_VERSION = 1.0;
				PRODUCT_BUNDLE_IDENTIFIER = com.egbad.Agenda;
				PRODUCT_NAME = "$(TARGET_NAME)";
				SWIFT_EMIT_LOC_STRINGS = YES;
				SWIFT_VERSION = 5.0;
				TARGETED_DEVICE_FAMILY = 1;
			};
			name = Release;
		};
/* End XCBuildConfiguration section */

/* Begin XCConfigurationList section */
		F0BB551227EF4D5400FA7E99 /* Build configuration list for PBXProject "Agenda" */ = {
			isa = XCConfigurationList;
			buildConfigurations = (
				F0BB552927EF4D5700FA7E99 /* Debug */,
				F0BB552A27EF4D5700FA7E99 /* Release */,
			);
			defaultConfigurationIsVisible = 0;
			defaultConfigurationName = Release;
		};
		F0BB552B27EF4D5700FA7E99 /* Build configuration list for PBXNativeTarget "Agenda" */ = {
			isa = XCConfigurationList;
			buildConfigurations = (
				F0BB552C27EF4D5700FA7E99 /* Debug */,
				F0BB552D27EF4D5700FA7E99 /* Release */,
			);
			defaultConfigurationIsVisible = 0;
			defaultConfigurationName = Release;
		};
/* End XCConfigurationList section */

/* Begin XCRemoteSwiftPackageReference section */
		F0EA8B2A27FAD2220048327A /* XCRemoteSwiftPackageReference "SPIndicator" */ = {
			isa = XCRemoteSwiftPackageReference;
			repositoryURL = "https://github.com/ivanvorobei/SPIndicator";
			requirement = {
				kind = upToNextMajorVersion;
				minimumVersion = 1.6.4;
			};
		};
/* End XCRemoteSwiftPackageReference section */

/* Begin XCSwiftPackageProductDependency section */
		F0EA8B2B27FAD2220048327A /* SPIndicator */ = {
			isa = XCSwiftPackageProductDependency;
			package = F0EA8B2A27FAD2220048327A /* XCRemoteSwiftPackageReference "SPIndicator" */;
			productName = SPIndicator;
		};
/* End XCSwiftPackageProductDependency section */

/* Begin XCVersionGroup section */
		F0BB554A27EF589100FA7E99 /* Agenda.xcdatamodeld */ = {
			isa = XCVersionGroup;
			children = (
				F0BB554B27EF589200FA7E99 /* Agenda.xcdatamodel */,
			);
			currentVersion = F0BB554B27EF589200FA7E99 /* Agenda.xcdatamodel */;
			path = Agenda.xcdatamodeld;
			sourceTree = "<group>";
			versionGroupType = wrapper.xcdatamodel;
		};
/* End XCVersionGroup section */
	};
	rootObject = F0BB550F27EF4D5400FA7E99 /* Project object */;
}
